{
  "version": 4,
  "terraform_version": "1.14.8",
  "serial": 100,
  "lineage": "1c95c4ed-2f1a-d88b-1dc6-7bc58e867311",
  "outputs": {
    "ai_api_gateway_url": {
      "value": "https://ok9ke6kx5g.execute-api.ap-southeast-1.amazonaws.com/prod",
      "type": "string"
    },
    "ai_api_key_id": {
      "value": "zy05dnxs2i",
      "type": "string"
    },
    "api_gateway_url": {
      "value": "https://iw68fbk44c.execute-api.ap-southeast-1.amazonaws.com/",
      "type": "string"
    },
    "data_table_arn": {
      "value": "arn:aws:dynamodb:ap-southeast-1:600627340244:table/plutus-data",
      "type": "string"
    },
    "data_table_name": {
      "value": "plutus-data",
      "type": "string"
    },
    "insights_function_url": {
      "value": "https://prkf4py4drpq3bancdiqcy3bm40yjqcz.lambda-url.ap-southeast-1.on.aws/",
      "type": "string"
    },
    "lambda_function_name": {
      "value": "plutus-api",
      "type": "string"
    },
    "tc_table_arn": {
      "value": "arn:aws:dynamodb:ap-southeast-1:600627340244:table/plutus-tc-acceptance",
      "type": "string"
    },
    "tc_table_name": {
      "value": "plutus-tc-acceptance",
      "type": "string"
    }
  },
  "resources": [
    {
      "mode": "data",
      "type": "aws_caller_identity",
      "name": "current",
      "provider": "provider[\"registry.terraform.io/hashicorp/aws\"]",
      "instances": [
        {
          "schema_version": 0,
          "attributes": {
            "account_id": "600627340244",
            "arn": "arn:aws:sts::600627340244:assumed-role/AWSReservedSSO_amplify-policy_f7dfa557e31cb5c5/amplify-admin",
            "id": "600627340244",
            "user_id": "AROAYXWBN4PKNRODNDJ3O:amplify-admin"
          },
          "sensitive_attributes": [],
          "identity_schema_version": 0
        }
      ]
    },
    {
      "mode": "data",
      "type": "aws_s3_bucket",
      "name": "backups",
      "provider": "provider[\"registry.terraform.io/hashicorp/aws\"]",
      "instances": [
        {
          "schema_version": 0,
          "attributes": {
            "arn": "arn:aws:s3:::pluwus-backups",
            "bucket": "pluwus-backups",
            "bucket_domain_name": "pluwus-backups.s3.amazonaws.com",
            "bucket_region": "ap-southeast-1",
            "bucket_regional_domain_name": "pluwus-backups.s3.ap-southeast-1.amazonaws.com",
            "hosted_zone_id": "Z3O0J2DXBE1FTB",
            "id": "pluwus-backups",
            "region": "ap-southeast-1",
            "website_domain": null,
            "website_endpoint": null
          },
          "sensitive_attributes": [],
          "identity_schema_version": 0
        }
      ]
    },
    {
      "mode": "managed",
      "type": "aws_api_gateway_api_key",
      "name": "ai_client",
      "provider": "provider[\"registry.terraform.io/hashicorp/aws\"]",
      "instances": [
        {
          "schema_version": 0,
          "attributes": {
            "arn": "arn:aws:apigateway:ap-southeast-1::/apikeys/zy05dnxs2i",
            "created_date": "2026-03-29T05:00:28Z",
            "customer_id": "",
            "description": "Managed by Terraform",
            "enabled": true,
            "id": "zy05dnxs2i",
            "last_updated_date": "2026-03-29T05:00:28Z",
            "name": "plutus-ai-client-key",
            "region": "ap-southeast-1",
            "tags": {
              "Component": "AI",
              "Project": "Plutus"
            },
            "tags_all": {
              "Component": "AI",
              "Project": "Plutus"
            },
            "value": "H9GpwBDXAQ9vw1vbmyunv2M3zebI5iyq1sVidc8g"
          },
          "sensitive_attributes": [
            [
              {
                "type": "get_attr",
                "value": "value"
              }
            ]
          ],
          "identity_schema_version": 0,
          "private": "eyJzY2hlbWFfdmVyc2lvbiI6IjAifQ=="
        }
      ]
    },
    {
      "mode": "managed",
      "type": "aws_api_gateway_deployment",
      "name": "ai",
      "provider": "provider[\"registry.terraform.io/hashicorp/aws\"]",
      "instances": [
        {
          "schema_version": 0,
          "attributes": {
            "created_date": "2026-04-07T20:48:04Z",
            "description": "",
            "id": "psq71w",
            "region": "ap-southeast-1",
            "rest_api_id": "ok9ke6kx5g",
            "triggers": {
              "redeployment": "6ec19ab403a2016edfdd13e486aa245ebe15176a"
            },
            "variables": null
          },
          "sensitive_attributes": [],
          "identity_schema_version": 0,
          "private": "bnVsbA==",
          "dependencies": [
            "aws_api_gateway_integration.categorize_lambda",
            "aws_api_gateway_integration.categorize_options",
            "aws_api_gateway_integration.insights_lambda",
            "aws_api_gateway_integration.insights_options",
            "aws_api_gateway_integration.report_insights_lambda",
            "aws_api_gateway_integration.report_insights_options",
            "aws_api_gateway_method.categorize_options",
            "aws_api_gateway_method.categorize_post",
            "aws_api_gateway_method.insights_options",
            "aws_api_gateway_method.insights_post",
            "aws_api_gateway_method.report_insights_options",
            "aws_api_gateway_method.report_insights_post",
            "aws_api_gateway_resource.categorize",
            "aws_api_gateway_resource.insights",
            "aws_api_gateway_resource.report_insights",
            "aws_api_gateway_rest_api.ai",
            "aws_iam_role.ai_insights_role",
            "aws_iam_role.ai_lambda_exec",
            "aws_iam_role.ai_report_insights_role",
            "aws_lambda_function.ai_categorize",
            "aws_lambda_function.ai_insights",
            "aws_lambda_function.ai_report_insights",
            "aws_lambda_layer_version.ai_shared"
          ],
          "create_before_destroy": true
        }
      ]
    },
    {
      "mode": "managed",
      "type": "aws_api_gateway_integration",
      "name": "categorize_lambda",
      "provider": "provider[\"registry.terraform.io/hashicorp/aws\"]",
      "instances": [
        {
          "schema_version": 0,
          "attributes": {
            "cache_key_parameters": [],
            "cache_namespace": "prlc4f",
            "connection_id": "",
            "connection_type": "INTERNET",
            "content_handling": "",
            "credentials": "",
            "http_method": "POST",
            "id": "agi-ok9ke6kx5g-prlc4f-POST",
            "integration_http_method": "POST",
            "integration_target": "",
            "passthrough_behavior": "WHEN_NO_MATCH",
            "region": "ap-southeast-1",
            "request_parameters": {},
            "request_templates": {},
            "resource_id": "prlc4f",
            "response_transfer_mode": "BUFFERED",
            "rest_api_id": "ok9ke6kx5g",
            "timeout_milliseconds": 29000,
            "tls_config": [],
            "type": "AWS_PROXY",
            "uri": "arn:aws:apigateway:ap-southeast-1:lambda:path/2015-03-31/functions/arn:aws:lambda:ap-southeast-1:600627340244:function:plutus-ai-categorize/invocations"
          },
          "sensitive_attributes": [],
          "identity_schema_version": 0,
          "private": "eyJzY2hlbWFfdmVyc2lvbiI6IjAifQ==",
          "dependencies": [
            "aws_api_gateway_method.categorize_post",
            "aws_api_gateway_resource.categorize",
            "aws_api_gateway_rest_api.ai",
            "aws_iam_role.ai_lambda_exec",
            "aws_lambda_function.ai_categorize",
            "aws_lambda_layer_version.ai_shared"
          ],
          "create_before_destroy": true
        }
      ]
    },
    {
      "mode": "managed",
      "type": "aws_api_gateway_integration",
      "name": "categorize_options",
      "provider": "provider[\"registry.terraform.io/hashicorp/aws\"]",
      "instances": [
        {
          "schema_version": 0,
          "attributes": {
            "cache_key_parameters": [],
            "cache_namespace": "prlc4f",
            "connection_id": "",
            "connection_type": "INTERNET",
            "content_handling": "",
            "credentials": "",
            "http_method": "OPTIONS",
            "id": "agi-ok9ke6kx5g-prlc4f-OPTIONS",
            "integration_http_method": "",
            "integration_target": "",
            "passthrough_behavior": "WHEN_NO_MATCH",
            "region": "ap-southeast-1",
            "request_parameters": {},
            "request_templates": {
              "application/json": "{\"statusCode\": 200}"
            },
            "resource_id": "prlc4f",
            "response_transfer_mode": "BUFFERED",
            "rest_api_id": "ok9ke6kx5g",
            "timeout_milliseconds": 29000,
            "tls_config": [],
            "type": "MOCK",
            "uri": ""
          },
          "sensitive_attributes": [],
          "identity_schema_version": 0,
          "private": "eyJzY2hlbWFfdmVyc2lvbiI6IjAifQ==",
          "dependencies": [
            "aws_api_gateway_method.categorize_options",
            "aws_api_gateway_resource.categorize",
            "aws_api_gateway_rest_api.ai"
          ],
          "create_before_destroy": true
        }
      ]
    },
    {
      "mode": "managed",
      "type": "aws_api_gateway_integration",
      "name": "insights_lambda",
      "provider": "provider[\"registry.terraform.io/hashicorp/aws\"]",
      "instances": [
        {
          "schema_version": 0,
          "attributes": {
            "cache_key_parameters": [],
            "cache_namespace": "f3d3d7",
            "connection_id": "",
            "connection_type": "INTERNET",
            "content_handling": "",
            "credentials": "",
            "http_method": "POST",
            "id": "agi-ok9ke6kx5g-f3d3d7-POST",
            "integration_http_method": "POST",
            "integration_target": "",
            "passthrough_behavior": "WHEN_NO_MATCH",
            "region": "ap-southeast-1",
            "request_parameters": {},
            "request_templates": {},
            "resource_id": "f3d3d7",
            "response_transfer_mode": "BUFFERED",
            "rest_api_id": "ok9ke6kx5g",
            "timeout_milliseconds": 29000,
            "tls_config": [],
            "type": "AWS_PROXY",
            "uri": "arn:aws:apigateway:ap-southeast-1:lambda:path/2015-03-31/functions/arn:aws:lambda:ap-southeast-1:600627340244:function:plutus-ai-insights/invocations"
          },
          "sensitive_attributes": [],
          "identity_schema_version": 0,
          "private": "eyJzY2hlbWFfdmVyc2lvbiI6IjAifQ==",
          "dependencies": [
            "aws_api_gateway_method.insights_post",
            "aws_api_gateway_resource.insights",
            "aws_api_gateway_rest_api.ai",
            "aws_iam_role.ai_insights_role",
            "aws_lambda_function.ai_insights",
            "aws_lambda_layer_version.ai_shared"
          ],
          "create_before_destroy": true
        }
      ]
    },
    {
      "mode": "managed",
      "type": "aws_api_gateway_integration",
      "name": "insights_options",
      "provider": "provider[\"registry.terraform.io/hashicorp/aws\"]",
      "instances": [
        {
          "schema_version": 0,
          "attributes": {
            "cache_key_parameters": [],
            "cache_namespace": "f3d3d7",
            "connection_id": "",
            "connection_type": "INTERNET",
            "content_handling": "",
            "credentials": "",
            "http_method": "OPTIONS",
            "id": "agi-ok9ke6kx5g-f3d3d7-OPTIONS",
            "integration_http_method": "",
            "integration_target": "",
            "passthrough_behavior": "WHEN_NO_MATCH",
            "region": "ap-southeast-1",
            "request_parameters": {},
            "request_templates": {
              "application/json": "{\"statusCode\": 200}"
            },
            "resource_id": "f3d3d7",
            "response_transfer_mode": "BUFFERED",
            "rest_api_id": "ok9ke6kx5g",
            "timeout_milliseconds": 29000,
            "tls_config": [],
            "type": "MOCK",
            "uri": ""
          },
          "sensitive_attributes": [],
          "identity_schema_version": 0,
          "private": "eyJzY2hlbWFfdmVyc2lvbiI6IjAifQ==",
          "dependencies": [
            "aws_api_gateway_method.insights_options",
            "aws_api_gateway_resource.insights",
            "aws_api_gateway_rest_api.ai"
          ],
          "create_before_destroy": true
        }
      ]
    },
    {
      "mode": "managed",
      "type": "aws_api_gateway_integration",
      "name": "report_insights_lambda",
      "provider": "provider[\"registry.terraform.io/hashicorp/aws\"]",
      "instances": [
        {
          "schema_version": 0,
          "attributes": {
            "cache_key_parameters": [],
            "cache_namespace": "6pbviv",
            "connection_id": "",
            "connection_type": "INTERNET",
            "content_handling": "",
            "credentials": "",
            "http_method": "POST",
            "id": "agi-ok9ke6kx5g-6pbviv-POST",
            "integration_http_method": "POST",
            "integration_target": "",
            "passthrough_behavior": "WHEN_NO_MATCH",
            "region": "ap-southeast-1",
            "request_parameters": {},
            "request_templates": {},
            "resource_id": "6pbviv",
            "response_transfer_mode": "BUFFERED",
            "rest_api_id": "ok9ke6kx5g",
            "timeout_milliseconds": 29000,
            "tls_config": [],
            "type": "AWS_PROXY",
            "uri": "arn:aws:apigateway:ap-southeast-1:lambda:path/2015-03-31/functions/arn:aws:lambda:ap-southeast-1:600627340244:function:plutus-report-insights/invocations"
          },
          "sensitive_attributes": [],
          "identity_schema_version": 0,
          "private": "eyJzY2hlbWFfdmVyc2lvbiI6IjAifQ==",
          "dependencies": [
            "aws_api_gateway_method.report_insights_post",
            "aws_api_gateway_resource.report_insights",
            "aws_api_gateway_rest_api.ai",
            "aws_iam_role.ai_report_insights_role",
            "aws_lambda_function.ai_report_insights",
            "aws_lambda_layer_version.ai_shared"
          ],
          "create_before_destroy": true
        }
      ]
    },
    {
      "mode": "managed",
      "type": "aws_api_gateway_integration",
      "name": "report_insights_options",
      "provider": "provider[\"registry.terraform.io/hashicorp/aws\"]",
      "instances": [
        {
          "schema_version": 0,
          "attributes": {
            "cache_key_parameters": [],
            "cache_namespace": "6pbviv",
            "connection_id": "",
            "connection_type": "INTERNET",
            "content_handling": "",
            "credentials": "",
            "http_method": "OPTIONS",
            "id": "agi-ok9ke6kx5g-6pbviv-OPTIONS",
            "integration_http_method": "",
            "integration_target": "",
            "passthrough_behavior": "WHEN_NO_MATCH",
            "region": "ap-southeast-1",
            "request_parameters": {},
            "request_templates": {
              "application/json": "{\"statusCode\": 200}"
            },
            "resource_id": "6pbviv",
            "response_transfer_mode": "BUFFERED",
            "rest_api_id": "ok9ke6kx5g",
            "timeout_milliseconds": 29000,
            "tls_config": [],
            "type": "MOCK",
            "uri": ""
          },
          "sensitive_attributes": [],
          "identity_schema_version": 0,
          "private": "eyJzY2hlbWFfdmVyc2lvbiI6IjAifQ==",
          "dependencies": [
            "aws_api_gateway_method.report_insights_options",
            "aws_api_gateway_resource.report_insights",
            "aws_api_gateway_rest_api.ai"
          ],
          "create_before_destroy": true
        }
      ]
    },
    {
      "mode": "managed",
      "type": "aws_api_gateway_integration_response",
      "name": "categorize_options_200",
      "provider": "provider[\"registry.terraform.io/hashicorp/aws\"]",
      "instances": [
        {
          "schema_version": 0,
          "attributes": {
            "content_handling": "",
            "http_method": "OPTIONS",
            "id": "agir-ok9ke6kx5g-prlc4f-OPTIONS-200",
            "region": "ap-southeast-1",
            "resource_id": "prlc4f",
            "response_parameters": {
              "method.response.header.Access-Control-Allow-Headers": "'Content-Type,X-Api-Key'",
              "method.response.header.Access-Control-Allow-Methods": "'POST,OPTIONS'",
              "method.response.header.Access-Control-Allow-Origin": "'*'"
            },
            "response_templates": {},
            "rest_api_id": "ok9ke6kx5g",
            "selection_pattern": "",
            "status_code": "200"
          },
          "sensitive_attributes": [],
          "identity_schema_version": 0,
          "private": "eyJzY2hlbWFfdmVyc2lvbiI6IjAifQ==",
          "dependencies": [
            "aws_api_gateway_method.categorize_options",
            "aws_api_gateway_method_response.categorize_options_200",
            "aws_api_gateway_resource.categorize",
            "aws_api_gateway_rest_api.ai"
          ]
        }
      ]
    },
    {
      "mode": "managed",
      "type": "aws_api_gateway_integration_response",
      "name": "insights_options_200",
      "provider": "provider[\"registry.terraform.io/hashicorp/aws\"]",
      "instances": [
        {
          "schema_version": 0,
          "attributes": {
            "content_handling": "",
            "http_method": "OPTIONS",
            "id": "agir-ok9ke6kx5g-f3d3d7-OPTIONS-200",
            "region": "ap-southeast-1",
            "resource_id": "f3d3d7",
            "response_parameters": {
              "method.response.header.Access-Control-Allow-Headers": "'Content-Type,X-Api-Key'",
              "method.response.header.Access-Control-Allow-Methods": "'POST,OPTIONS'",
              "method.response.header.Access-Control-Allow-Origin": "'*'"
            },
            "response_templates": {},
            "rest_api_id": "ok9ke6kx5g",
            "selection_pattern": "",
            "status_code": "200"
          },
          "sensitive_attributes": [],
          "identity_schema_version": 0,
          "private": "eyJzY2hlbWFfdmVyc2lvbiI6IjAifQ==",
          "dependencies": [
            "aws_api_gateway_method.insights_options",
            "aws_api_gateway_method_response.insights_options_200",
            "aws_api_gateway_resource.insights",
            "aws_api_gateway_rest_api.ai"
          ]
        }
      ]
    },
    {
      "mode": "managed",
      "type": "aws_api_gateway_integration_response",
      "name": "report_insights_options_200",
      "provider": "provider[\"registry.terraform.io/hashicorp/aws\"]",
      "instances": [
        {
          "schema_version": 0,
          "attributes": {
            "content_handling": "",
            "http_method": "OPTIONS",
            "id": "agir-ok9ke6kx5g-6pbviv-OPTIONS-200",
            "region": "ap-southeast-1",
            "resource_id": "6pbviv",
            "response_parameters": {
              "method.response.header.Access-Control-Allow-Headers": "'Content-Type,X-Api-Key'",
              "method.response.header.Access-Control-Allow-Methods": "'POST,OPTIONS'",
              "method.response.header.Access-Control-Allow-Origin": "'*'"
            },
            "response_templates": {},
            "rest_api_id": "ok9ke6kx5g",
            "selection_pattern": "",
            "status_code": "200"
          },
          "sensitive_attributes": [],
          "identity_schema_version": 0,
          "private": "eyJzY2hlbWFfdmVyc2lvbiI6IjAifQ==",
          "dependencies": [
            "aws_api_gateway_method.report_insights_options",
            "aws_api_gateway_method_response.report_insights_options_200",
            "aws_api_gateway_resource.report_insights",
            "aws_api_gateway_rest_api.ai"
          ]
        }
      ]
    },
    {
      "mode": "managed",
      "type": "aws_api_gateway_method",
      "name": "categorize_options",
      "provider": "provider[\"registry.terraform.io/hashicorp/aws\"]",
      "instances": [
        {
          "schema_version": 0,
          "attributes": {
            "api_key_required": false,
            "authorization": "NONE",
            "authorization_scopes": [],
            "authorizer_id": "",
            "http_method": "OPTIONS",
            "id": "agm-ok9ke6kx5g-prlc4f-OPTIONS",
            "operation_name": "",
            "region": "ap-southeast-1",
            "request_models": {},
            "request_parameters": {},
            "request_validator_id": "",
            "resource_id": "prlc4f",
            "rest_api_id": "ok9ke6kx5g"
          },
          "sensitive_attributes": [],
          "identity_schema_version": 0,
          "private": "eyJzY2hlbWFfdmVyc2lvbiI6IjAifQ==",
          "dependencies": [
            "aws_api_gateway_resource.categorize",
            "aws_api_gateway_rest_api.ai"
          ],
          "create_before_destroy": true
        }
      ]
    },
    {
      "mode": "managed",
      "type": "aws_api_gateway_method",
      "name": "categorize_post",
      "provider": "provider[\"registry.terraform.io/hashicorp/aws\"]",
      "instances": [
        {
          "schema_version": 0,
          "attributes": {
            "api_key_required": false,
            "authorization": "NONE",
            "authorization_scopes": [],
            "authorizer_id": "",
            "http_method": "POST",
            "id": "agm-ok9ke6kx5g-prlc4f-POST",
            "operation_name": "",
            "region": "ap-southeast-1",
            "request_models": {},
            "request_parameters": {},
            "request_validator_id": "",
            "resource_id": "prlc4f",
            "rest_api_id": "ok9ke6kx5g"
          },
          "sensitive_attributes": [],
          "identity_schema_version": 0,
          "private": "eyJzY2hlbWFfdmVyc2lvbiI6IjAifQ==",
          "dependencies": [
            "aws_api_gateway_resource.categorize",
            "aws_api_gateway_rest_api.ai"
          ],
          "create_before_destroy": true
        }
      ]
    },
    {
      "mode": "managed",
      "type": "aws_api_gateway_method",
      "name": "insights_options",
      "provider": "provider[\"registry.terraform.io/hashicorp/aws\"]",
      "instances": [
        {
          "schema_version": 0,
          "attributes": {
            "api_key_required": false,
            "authorization": "NONE",
            "authorization_scopes": [],
            "authorizer_id": "",
            "http_method": "OPTIONS",
            "id": "agm-ok9ke6kx5g-f3d3d7-OPTIONS",
            "operation_name": "",
            "region": "ap-southeast-1",
            "request_models": {},
            "request_parameters": {},
            "request_validator_id": "",
            "resource_id": "f3d3d7",
            "rest_api_id": "ok9ke6kx5g"
          },
          "sensitive_attributes": [],
          "identity_schema_version": 0,
          "private": "eyJzY2hlbWFfdmVyc2lvbiI6IjAifQ==",
          "dependencies": [
            "aws_api_gateway_resource.insights",
            "aws_api_gateway_rest_api.ai"
          ],
          "create_before_destroy": true
        }
      ]
    },
    {
      "mode": "managed",
      "type": "aws_api_gateway_method",
      "name": "insights_post",
      "provider": "provider[\"registry.terraform.io/hashicorp/aws\"]",
      "instances": [
        {
          "schema_version": 0,
          "attributes": {
            "api_key_required": false,
            "authorization": "NONE",
            "authorization_scopes": [],
            "authorizer_id": "",
            "http_method": "POST",
            "id": "agm-ok9ke6kx5g-f3d3d7-POST",
            "operation_name": "",
            "region": "ap-southeast-1",
            "request_models": {},
            "request_parameters": {},
            "request_validator_id": "",
            "resource_id": "f3d3d7",
            "rest_api_id": "ok9ke6kx5g"
          },
          "sensitive_attributes": [],
          "identity_schema_version": 0,
          "private": "eyJzY2hlbWFfdmVyc2lvbiI6IjAifQ==",
          "dependencies": [
            "aws_api_gateway_resource.insights",
            "aws_api_gateway_rest_api.ai"
          ],
          "create_before_destroy": true
        }
      ]
    },
    {
      "mode": "managed",
      "type": "aws_api_gateway_method",
      "name": "report_insights_options",
      "provider": "provider[\"registry.terraform.io/hashicorp/aws\"]",
      "instances": [
        {
          "schema_version": 0,
          "attributes": {
            "api_key_required": false,
            "authorization": "NONE",
            "authorization_scopes": [],
            "authorizer_id": "",
            "http_method": "OPTIONS",
            "id": "agm-ok9ke6kx5g-6pbviv-OPTIONS",
            "operation_name": "",
            "region": "ap-southeast-1",
            "request_models": {},
            "request_parameters": {},
            "request_validator_id": "",
            "resource_id": "6pbviv",
            "rest_api_id": "ok9ke6kx5g"
          },
          "sensitive_attributes": [],
          "identity_schema_version": 0,
          "private": "eyJzY2hlbWFfdmVyc2lvbiI6IjAifQ==",
          "dependencies": [
            "aws_api_gateway_resource.report_insights",
            "aws_api_gateway_rest_api.ai"
          ],
          "create_before_destroy": true
        }
      ]
    },
    {
      "mode": "managed",
      "type": "aws_api_gateway_method",
      "name": "report_insights_post",
      "provider": "provider[\"registry.terraform.io/hashicorp/aws\"]",
      "instances": [
        {
          "schema_version": 0,
          "attributes": {
            "api_key_required": false,
            "authorization": "NONE",
            "authorization_scopes": [],
            "authorizer_id": "",
            "http_method": "POST",
            "id": "agm-ok9ke6kx5g-6pbviv-POST",
            "operation_name": "",
            "region": "ap-southeast-1",
            "request_models": {},
            "request_parameters": {},
            "request_validator_id": "",
            "resource_id": "6pbviv",
            "rest_api_id": "ok9ke6kx5g"
          },
          "sensitive_attributes": [],
          "identity_schema_version": 0,
          "private": "eyJzY2hlbWFfdmVyc2lvbiI6IjAifQ==",
          "dependencies": [
            "aws_api_gateway_resource.report_insights",
            "aws_api_gateway_rest_api.ai"
          ],
          "create_before_destroy": true
        }
      ]
    },
    {
      "mode": "managed",
      "type": "aws_api_gateway_method_response",
      "name": "categorize_options_200",
      "provider": "provider[\"registry.terraform.io/hashicorp/aws\"]",
      "instances": [
        {
          "schema_version": 0,
          "attributes": {
            "http_method": "OPTIONS",
            "id": "agmr-ok9ke6kx5g-prlc4f-OPTIONS-200",
            "region": "ap-southeast-1",
            "resource_id": "prlc4f",
            "response_models": {},
            "response_parameters": {
              "method.response.header.Access-Control-Allow-Headers": true,
              "method.response.header.Access-Control-Allow-Methods": true,
              "method.response.header.Access-Control-Allow-Origin": true
            },
            "rest_api_id": "ok9ke6kx5g",
            "status_code": "200"
          },
          "sensitive_attributes": [],
          "identity_schema_version": 0,
          "private": "eyJzY2hlbWFfdmVyc2lvbiI6IjAifQ==",
          "dependencies": [
            "aws_api_gateway_method.categorize_options",
            "aws_api_gateway_resource.categorize",
            "aws_api_gateway_rest_api.ai"
          ]
        }
      ]
    },
    {
      "mode": "managed",
      "type": "aws_api_gateway_method_response",
      "name": "insights_options_200",
      "provider": "provider[\"registry.terraform.io/hashicorp/aws\"]",
      "instances": [
        {
          "schema_version": 0,
          "attributes": {
            "http_method": "OPTIONS",
            "id": "agmr-ok9ke6kx5g-f3d3d7-OPTIONS-200",
            "region": "ap-southeast-1",
            "resource_id": "f3d3d7",
            "response_models": {},
            "response_parameters": {
              "method.response.header.Access-Control-Allow-Headers": true,
              "method.response.header.Access-Control-Allow-Methods": true,
              "method.response.header.Access-Control-Allow-Origin": true
            },
            "rest_api_id": "ok9ke6kx5g",
            "status_code": "200"
          },
          "sensitive_attributes": [],
          "identity_schema_version": 0,
          "private": "eyJzY2hlbWFfdmVyc2lvbiI6IjAifQ==",
          "dependencies": [
            "aws_api_gateway_method.insights_options",
            "aws_api_gateway_resource.insights",
            "aws_api_gateway_rest_api.ai"
          ]
        }
      ]
    },
    {
      "mode": "managed",
      "type": "aws_api_gateway_method_response",
      "name": "report_insights_options_200",
      "provider": "provider[\"registry.terraform.io/hashicorp/aws\"]",
      "instances": [
        {
          "schema_version": 0,
          "attributes": {
            "http_method": "OPTIONS",
            "id": "agmr-ok9ke6kx5g-6pbviv-OPTIONS-200",
            "region": "ap-southeast-1",
            "resource_id": "6pbviv",
            "response_models": {},
            "response_parameters": {
              "method.response.header.Access-Control-Allow-Headers": true,
              "method.response.header.Access-Control-Allow-Methods": true,
              "method.response.header.Access-Control-Allow-Origin": true
            },
            "rest_api_id": "ok9ke6kx5g",
            "status_code": "200"
          },
          "sensitive_attributes": [],
          "identity_schema_version": 0,
          "private": "eyJzY2hlbWFfdmVyc2lvbiI6IjAifQ==",
          "dependencies": [
            "aws_api_gateway_method.report_insights_options",
            "aws_api_gateway_resource.report_insights",
            "aws_api_gateway_rest_api.ai"
          ]
        }
      ]
    },
    {
      "mode": "managed",
      "type": "aws_api_gateway_resource",
      "name": "categorize",
      "provider": "provider[\"registry.terraform.io/hashicorp/aws\"]",
      "instances": [
        {
          "schema_version": 0,
          "attributes": {
            "id": "prlc4f",
            "parent_id": "qdgxcvufsa",
            "path": "/categorize",
            "path_part": "categorize",
            "region": "ap-southeast-1",
            "rest_api_id": "ok9ke6kx5g"
          },
          "sensitive_attributes": [],
          "identity_schema_version": 0,
          "private": "eyJzY2hlbWFfdmVyc2lvbiI6IjAifQ==",
          "dependencies": [
            "aws_api_gateway_rest_api.ai"
          ],
          "create_before_destroy": true
        }
      ]
    },
    {
      "mode": "managed",
      "type": "aws_api_gateway_resource",
      "name": "insights",
      "provider": "provider[\"registry.terraform.io/hashicorp/aws\"]",
      "instances": [
        {
          "schema_version": 0,
          "attributes": {
            "id": "f3d3d7",
            "parent_id": "qdgxcvufsa",
            "path": "/insights",
            "path_part": "insights",
            "region": "ap-southeast-1",
            "rest_api_id": "ok9ke6kx5g"
          },
          "sensitive_attributes": [],
          "identity_schema_version": 0,
          "private": "eyJzY2hlbWFfdmVyc2lvbiI6IjAifQ==",
          "dependencies": [
            "aws_api_gateway_rest_api.ai"
          ],
          "create_before_destroy": true
        }
      ]
    },
    {
      "mode": "managed",
      "type": "aws_api_gateway_resource",
      "name": "report_insights",
      "provider": "provider[\"registry.terraform.io/hashicorp/aws\"]",
      "instances": [
        {
          "schema_version": 0,
          "attributes": {
            "id": "6pbviv",
            "parent_id": "qdgxcvufsa",
            "path": "/report-insights",
            "path_part": "report-insights",
            "region": "ap-southeast-1",
            "rest_api_id": "ok9ke6kx5g"
          },
          "sensitive_attributes": [],
          "identity_schema_version": 0,
          "private": "eyJzY2hlbWFfdmVyc2lvbiI6IjAifQ==",
          "dependencies": [
            "aws_api_gateway_rest_api.ai"
          ],
          "create_before_destroy": true
        }
      ]
    },
    {
      "mode": "managed",
      "type": "aws_api_gateway_rest_api",
      "name": "ai",
      "provider": "provider[\"registry.terraform.io/hashicorp/aws\"]",
      "instances": [
        {
          "schema_version": 0,
          "attributes": {
            "api_key_source": "HEADER",
            "arn": "arn:aws:apigateway:ap-southeast-1::/restapis/ok9ke6kx5g",
            "binary_media_types": [],
            "body": null,
            "created_date": "2026-03-29T05:00:29Z",
            "description": "Plutus AI automation endpoints",
            "disable_execute_api_endpoint": false,
            "endpoint_configuration": [
              {
                "ip_address_type": "ipv4",
                "types": [
                  "REGIONAL"
                ],
                "vpc_endpoint_ids": []
              }
            ],
            "execution_arn": "arn:aws:execute-api:ap-southeast-1:600627340244:ok9ke6kx5g",
            "fail_on_warnings": null,
            "id": "ok9ke6kx5g",
            "minimum_compression_size": "",
            "name": "plutus-ai-api",
            "parameters": null,
            "policy": "",
            "put_rest_api_mode": "overwrite",
            "region": "ap-southeast-1",
            "root_resource_id": "qdgxcvufsa",
            "tags": {
              "Component": "AI",
              "Project": "Plutus"
            },
            "tags_all": {
              "Component": "AI",
              "Project": "Plutus"
            }
          },
          "sensitive_attributes": [],
          "identity_schema_version": 0,
          "private": "eyJzY2hlbWFfdmVyc2lvbiI6IjAifQ==",
          "create_before_destroy": true
        }
      ]
    },
    {
      "mode": "managed",
      "type": "aws_api_gateway_stage",
      "name": "ai_prod",
      "provider": "provider[\"registry.terraform.io/hashicorp/aws\"]",
      "instances": [
        {
          "schema_version": 0,
          "attributes": {
            "access_log_settings": [],
            "arn": "arn:aws:apigateway:ap-southeast-1::/restapis/ok9ke6kx5g/stages/prod",
            "cache_cluster_enabled": false,
            "cache_cluster_size": "",
            "canary_settings": [],
            "client_certificate_id": "",
            "deployment_id": "psq71w",
            "description": "",
            "documentation_version": "",
            "execution_arn": "arn:aws:execute-api:ap-southeast-1:600627340244:ok9ke6kx5g/prod",
            "id": "ags-ok9ke6kx5g-prod",
            "invoke_url": "https://ok9ke6kx5g.execute-api.ap-southeast-1.amazonaws.com/prod",
            "region": "ap-southeast-1",
            "rest_api_id": "ok9ke6kx5g",
            "stage_name": "prod",
            "tags": {
              "Component": "AI",
              "Project": "Plutus"
            },
            "tags_all": {
              "Component": "AI",
              "Project": "Plutus"
            },
            "variables": {},
            "web_acl_arn": "",
            "xray_tracing_enabled": false
          },
          "sensitive_attributes": [],
          "identity_schema_version": 0,
          "private": "bnVsbA==",
          "dependencies": [
            "aws_api_gateway_deployment.ai",
            "aws_api_gateway_integration.categorize_lambda",
            "aws_api_gateway_integration.categorize_options",
            "aws_api_gateway_integration.insights_lambda",
            "aws_api_gateway_integration.insights_options",
            "aws_api_gateway_integration.report_insights_lambda",
            "aws_api_gateway_integration.report_insights_options",
            "aws_api_gateway_method.categorize_options",
            "aws_api_gateway_method.categorize_post",
            "aws_api_gateway_method.insights_options",
            "aws_api_gateway_method.insights_post",
            "aws_api_gateway_method.report_insights_options",
            "aws_api_gateway_method.report_insights_post",
            "aws_api_gateway_resource.categorize",
            "aws_api_gateway_resource.insights",
            "aws_api_gateway_resource.report_insights",
            "aws_api_gateway_rest_api.ai",
            "aws_iam_role.ai_insights_role",
            "aws_iam_role.ai_lambda_exec",
            "aws_iam_role.ai_report_insights_role",
            "aws_lambda_function.ai_categorize",
            "aws_lambda_function.ai_insights",
            "aws_lambda_function.ai_report_insights",
            "aws_lambda_layer_version.ai_shared"
          ]
        }
      ]
    },
    {
      "mode": "managed",
      "type": "aws_api_gateway_usage_plan",
      "name": "ai",
      "provider": "provider[\"registry.terraform.io/hashicorp/aws\"]",
      "instances": [
        {
          "schema_version": 0,
          "attributes": {
            "api_stages": [
              {
                "api_id": "ok9ke6kx5g",
                "stage": "prod",
                "throttle": []
              }
            ],
            "arn": "arn:aws:apigateway:ap-southeast-1::/usageplans/ql4luo",
            "description": "",
            "id": "ql4luo",
            "name": "plutus-ai-usage-plan",
            "product_code": "",
            "quota_settings": [],
            "region": "ap-southeast-1",
            "tags": {
              "Component": "AI",
              "Project": "Plutus"
            },
            "tags_all": {
              "Component": "AI",
              "Project": "Plutus"
            },
            "throttle_settings": [
              {
                "burst_limit": 20,
                "rate_limit": 10
              }
            ]
          },
          "sensitive_attributes": [],
          "identity_schema_version": 0,
          "private": "eyJzY2hlbWFfdmVyc2lvbiI6IjAifQ==",
          "dependencies": [
            "aws_api_gateway_deployment.ai",
            "aws_api_gateway_integration.categorize_lambda",
            "aws_api_gateway_integration.categorize_options",
            "aws_api_gateway_integration.insights_lambda",
            "aws_api_gateway_integration.insights_options",
            "aws_api_gateway_integration.report_insights_lambda",
            "aws_api_gateway_integration.report_insights_options",
            "aws_api_gateway_method.categorize_options",
            "aws_api_gateway_method.categorize_post",
            "aws_api_gateway_method.insights_options",
            "aws_api_gateway_method.insights_post",
            "aws_api_gateway_method.report_insights_options",
            "aws_api_gateway_method.report_insights_post",
            "aws_api_gateway_resource.categorize",
            "aws_api_gateway_resource.insights",
            "aws_api_gateway_resource.report_insights",
            "aws_api_gateway_rest_api.ai",
            "aws_api_gateway_stage.ai_prod",
            "aws_iam_role.ai_insights_role",
            "aws_iam_role.ai_lambda_exec",
            "aws_iam_role.ai_report_insights_role",
            "aws_lambda_function.ai_categorize",
            "aws_lambda_function.ai_insights",
            "aws_lambda_function.ai_report_insights",
            "aws_lambda_layer_version.ai_shared"
          ]
        }
      ]
    },
    {
      "mode": "managed",
      "type": "aws_api_gateway_usage_plan_key",
      "name": "ai_client",
      "provider": "provider[\"registry.terraform.io/hashicorp/aws\"]",
      "instances": [
        {
          "schema_version": 0,
          "attributes": {
            "id": "zy05dnxs2i",
            "key_id": "zy05dnxs2i",
            "key_type": "API_KEY",
            "name": "plutus-ai-client-key",
            "region": "ap-southeast-1",
            "usage_plan_id": "ql4luo",
            "value": "H9GpwBDXAQ9vw1vbmyunv2M3zebI5iyq1sVidc8g"
          },
          "sensitive_attributes": [],
          "identity_schema_version": 0,
          "private": "eyJzY2hlbWFfdmVyc2lvbiI6IjAifQ==",
          "dependencies": [
            "aws_api_gateway_api_key.ai_client",
            "aws_api_gateway_deployment.ai",
            "aws_api_gateway_integration.categorize_lambda",
            "aws_api_gateway_integration.categorize_options",
            "aws_api_gateway_integration.insights_lambda",
            "aws_api_gateway_integration.insights_options",
            "aws_api_gateway_integration.report_insights_lambda",
            "aws_api_gateway_integration.report_insights_options",
            "aws_api_gateway_method.categorize_options",
            "aws_api_gateway_method.categorize_post",
            "aws_api_gateway_method.insights_options",
            "aws_api_gateway_method.insights_post",
            "aws_api_gateway_method.report_insights_options",
            "aws_api_gateway_method.report_insights_post",
            "aws_api_gateway_resource.categorize",
            "aws_api_gateway_resource.insights",
            "aws_api_gateway_resource.report_insights",
            "aws_api_gateway_rest_api.ai",
            "aws_api_gateway_stage.ai_prod",
            "aws_api_gateway_usage_plan.ai",
            "aws_iam_role.ai_insights_role",
            "aws_iam_role.ai_lambda_exec",
            "aws_iam_role.ai_report_insights_role",
            "aws_lambda_function.ai_categorize",
            "aws_lambda_function.ai_insights",
            "aws_lambda_function.ai_report_insights",
            "aws_lambda_layer_version.ai_shared"
          ]
        }
      ]
    },
    {
      "mode": "managed",
      "type": "aws_apigatewayv2_api",
      "name": "plutus",
      "provider": "provider[\"registry.terraform.io/hashicorp/aws\"]",
      "instances": [
        {
          "schema_version": 0,
          "attributes": {
            "api_endpoint": "https://iw68fbk44c.execute-api.ap-southeast-1.amazonaws.com",
            "api_key_selection_expression": "$request.header.x-api-key",
            "arn": "arn:aws:apigateway:ap-southeast-1::/apis/iw68fbk44c",
            "body": null,
            "cors_configuration": [
              {
                "allow_credentials": false,
                "allow_headers": [
                  "authorization",
                  "content-type"
                ],
                "allow_methods": [
                  "DELETE",
                  "GET",
                  "OPTIONS",
                  "POST",
                  "PUT"
                ],
                "allow_origins": [
                  "http://localhost:8080",
                  "https://main.d3eqrozysqvds5.amplifyapp.com"
                ],
                "expose_headers": [],
                "max_age": 3600
              }
            ],
            "credentials_arn": null,
            "description": "",
            "disable_execute_api_endpoint": false,
            "execution_arn": "arn:aws:execute-api:ap-southeast-1:600627340244:iw68fbk44c",
            "fail_on_warnings": null,
            "id": "iw68fbk44c",
            "ip_address_type": "ipv4",
            "name": "plutus-api",
            "protocol_type": "HTTP",
            "region": "ap-southeast-1",
            "route_key": null,
            "route_selection_expression": "$request.method $request.path",
            "tags": {
              "Project": "Plutus"
            },
            "tags_all": {
              "Project": "Plutus"
            },
            "target": null,
            "version": ""
          },
          "sensitive_attributes": [],
          "identity_schema_version": 0,
          "private": "eyJzY2hlbWFfdmVyc2lvbiI6IjAifQ=="
        }
      ]
    },
    {
      "mode": "managed",
      "type": "aws_apigatewayv2_authorizer",
      "name": "google_jwt",
      "provider": "provider[\"registry.terraform.io/hashicorp/aws\"]",
      "instances": [
        {
          "schema_version": 0,
          "attributes": {
            "api_id": "iw68fbk44c",
            "authorizer_credentials_arn": "",
            "authorizer_payload_format_version": "",
            "authorizer_result_ttl_in_seconds": 0,
            "authorizer_type": "JWT",
            "authorizer_uri": "",
            "enable_simple_responses": false,
            "id": "2nsi5t",
            "identity_sources": [
              "$request.header.Authorization"
            ],
            "jwt_configuration": [
              {
                "audience": [
                  "611876522758-30av79i8clflnriv7ee5dp68qft0ja28.apps.googleusercontent.com",
                  "611876522758-748qpdg7a3aups646nkb0u0n2s15kftl.apps.googleusercontent.com",
                  "611876522758-pt7ggvthaiabs9r9qcg14dprcfjick7e.apps.googleusercontent.com"
                ],
                "issuer": "https://accounts.google.com"
              }
            ],
            "name": "google-jwt",
            "region": "ap-southeast-1",
            "timeouts": null
          },
          "sensitive_attributes": [],
          "identity_schema_version": 0,
          "private": "eyJlMmJmYjczMC1lY2FhLTExZTYtOGY4OC0zNDM2M2JjN2M0YzAiOnsiZGVsZXRlIjoxODAwMDAwMDAwMDAwfX0=",
          "dependencies": [
            "aws_apigatewayv2_api.plutus"
          ]
        }
      ]
    },
    {
      "mode": "managed",
      "type": "aws_apigatewayv2_integration",
      "name": "lambda",
      "provider": "provider[\"registry.terraform.io/hashicorp/aws\"]",
      "instances": [
        {
          "schema_version": 0,
          "attributes": {
            "api_id": "iw68fbk44c",
            "connection_id": "",
            "connection_type": "INTERNET",
            "content_handling_strategy": "",
            "credentials_arn": "",
            "description": "",
            "id": "cxry2mr",
            "integration_method": "POST",
            "integration_response_selection_expression": "",
            "integration_subtype": "",
            "integration_type": "AWS_PROXY",
            "integration_uri": "arn:aws:apigateway:ap-southeast-1:lambda:path/2015-03-31/functions/arn:aws:lambda:ap-southeast-1:600627340244:function:plutus-api/invocations",
            "passthrough_behavior": "",
            "payload_format_version": "2.0",
            "region": "ap-southeast-1",
            "request_parameters": {},
            "request_templates": {},
            "response_parameters": [],
            "template_selection_expression": "",
            "timeout_milliseconds": 30000,
            "tls_config": []
          },
          "sensitive_attributes": [],
          "identity_schema_version": 0,
          "private": "eyJzY2hlbWFfdmVyc2lvbiI6IjAifQ==",
          "dependencies": [
            "aws_apigatewayv2_api.plutus",
            "aws_dynamodb_table.plutus_data",
            "aws_dynamodb_table.tc_acceptance",
            "aws_iam_role.lambda_exec",
            "aws_lambda_function.plutus_api",
            "data.aws_s3_bucket.backups"
          ]
        }
      ]
    },
    {
      "mode": "managed",
      "type": "aws_apigatewayv2_route",
      "name": "routes",
      "provider": "provider[\"registry.terraform.io/hashicorp/aws\"]",
      "instances": [
        {
          "index_key": "DELETE /investments/{id}",
          "schema_version": 0,
          "attributes": {
            "api_id": "iw68fbk44c",
            "api_key_required": false,
            "authorization_scopes": [],
            "authorization_type": "JWT",
            "authorizer_id": "2nsi5t",
            "id": "kvuzmuh",
            "model_selection_expression": "",
            "operation_name": "",
            "region": "ap-southeast-1",
            "request_models": {},
            "request_parameter": [],
            "route_key": "DELETE /investments/{id}",
            "route_response_selection_expression": "",
            "target": "integrations/cxry2mr"
          },
          "sensitive_attributes": [],
          "identity_schema_version": 0,
          "private": "eyJzY2hlbWFfdmVyc2lvbiI6IjAifQ==",
          "dependencies": [
            "aws_apigatewayv2_api.plutus",
            "aws_apigatewayv2_authorizer.google_jwt",
            "aws_apigatewayv2_integration.lambda",
            "aws_dynamodb_table.plutus_data",
            "aws_dynamodb_table.tc_acceptance",
            "aws_iam_role.lambda_exec",
            "aws_lambda_function.plutus_api",
            "data.aws_s3_bucket.backups"
          ]
        },
        {
          "index_key": "GET /backups",
          "schema_version": 0,
          "attributes": {
            "api_id": "iw68fbk44c",
            "api_key_required": false,
            "authorization_scopes": [],
            "authorization_type": "JWT",
            "authorizer_id": "2nsi5t",
            "id": "pf8disj",
            "model_selection_expression": "",
            "operation_name": "",
            "region": "ap-southeast-1",
            "request_models": {},
            "request_parameter": [],
            "route_key": "GET /backups",
            "route_response_selection_expression": "",
            "target": "integrations/cxry2mr"
          },
          "sensitive_attributes": [],
          "identity_schema_version": 0,
          "private": "eyJzY2hlbWFfdmVyc2lvbiI6IjAifQ==",
          "dependencies": [
            "aws_apigatewayv2_api.plutus",
            "aws_apigatewayv2_authorizer.google_jwt",
            "aws_apigatewayv2_integration.lambda",
            "aws_dynamodb_table.plutus_data",
            "aws_dynamodb_table.tc_acceptance",
            "aws_iam_role.lambda_exec",
            "aws_lambda_function.plutus_api",
            "data.aws_s3_bucket.backups"
          ]
        },
        {
          "index_key": "GET /consent",
          "schema_version": 0,
          "attributes": {
            "api_id": "iw68fbk44c",
            "api_key_required": false,
            "authorization_scopes": [],
            "authorization_type": "JWT",
            "authorizer_id": "2nsi5t",
            "id": "dmxyjac",
            "model_selection_expression": "",
            "operation_name": "",
            "region": "ap-southeast-1",
            "request_models": {},
            "request_parameter": [],
            "route_key": "GET /consent",
            "route_response_selection_expression": "",
            "target": "integrations/cxry2mr"
          },
          "sensitive_attributes": [],
          "identity_schema_version": 0,
          "private": "eyJzY2hlbWFfdmVyc2lvbiI6IjAifQ==",
          "dependencies": [
            "aws_apigatewayv2_api.plutus",
            "aws_apigatewayv2_authorizer.google_jwt",
            "aws_apigatewayv2_integration.lambda",
            "aws_dynamodb_table.plutus_data",
            "aws_dynamodb_table.tc_acceptance",
            "aws_iam_role.lambda_exec",
            "aws_lambda_function.plutus_api",
            "data.aws_s3_bucket.backups"
          ]
        },
        {
          "index_key": "GET /investments",
          "schema_version": 0,
          "attributes": {
            "api_id": "iw68fbk44c",
            "api_key_required": false,
            "authorization_scopes": [],
            "authorization_type": "JWT",
            "authorizer_id": "2nsi5t",
            "id": "z5ck4bf",
            "model_selection_expression": "",
            "operation_name": "",
            "region": "ap-southeast-1",
            "request_models": {},
            "request_parameter": [],
            "route_key": "GET /investments",
            "route_response_selection_expression": "",
            "target": "integrations/cxry2mr"
          },
          "sensitive_attributes": [],
          "identity_schema_version": 0,
          "private": "eyJzY2hlbWFfdmVyc2lvbiI6IjAifQ==",
          "dependencies": [
            "aws_apigatewayv2_api.plutus",
            "aws_apigatewayv2_authorizer.google_jwt",
            "aws_apigatewayv2_integration.lambda",
            "aws_dynamodb_table.plutus_data",
            "aws_dynamodb_table.tc_acceptance",
            "aws_iam_role.lambda_exec",
            "aws_lambda_function.plutus_api",
            "data.aws_s3_bucket.backups"
          ]
        },
        {
          "index_key": "GET /investments/{id}",
          "schema_version": 0,
          "attributes": {
            "api_id": "iw68fbk44c",
            "api_key_required": false,
            "authorization_scopes": [],
            "authorization_type": "JWT",
            "authorizer_id": "2nsi5t",
            "id": "4wwtjfi",
            "model_selection_expression": "",
            "operation_name": "",
            "region": "ap-southeast-1",
            "request_models": {},
            "request_parameter": [],
            "route_key": "GET /investments/{id}",
            "route_response_selection_expression": "",
            "target": "integrations/cxry2mr"
          },
          "sensitive_attributes": [],
          "identity_schema_version": 0,
          "private": "eyJzY2hlbWFfdmVyc2lvbiI6IjAifQ==",
          "dependencies": [
            "aws_apigatewayv2_api.plutus",
            "aws_apigatewayv2_authorizer.google_jwt",
            "aws_apigatewayv2_integration.lambda",
            "aws_dynamodb_table.plutus_data",
            "aws_dynamodb_table.tc_acceptance",
            "aws_iam_role.lambda_exec",
            "aws_lambda_function.plutus_api",
            "data.aws_s3_bucket.backups"
          ]
        },
        {
          "index_key": "GET /reports/income",
          "schema_version": 0,
          "attributes": {
            "api_id": "iw68fbk44c",
            "api_key_required": false,
            "authorization_scopes": [],
            "authorization_type": "JWT",
            "authorizer_id": "2nsi5t",
            "id": "yiq3zwd",
            "model_selection_expression": "",
            "operation_name": "",
            "region": "ap-southeast-1",
            "request_models": {},
            "request_parameter": [],
            "route_key": "GET /reports/income",
            "route_response_selection_expression": "",
            "target": "integrations/cxry2mr"
          },
          "sensitive_attributes": [],
          "identity_schema_version": 0,
          "private": "eyJzY2hlbWFfdmVyc2lvbiI6IjAifQ==",
          "dependencies": [
            "aws_apigatewayv2_api.plutus",
            "aws_apigatewayv2_authorizer.google_jwt",
            "aws_apigatewayv2_integration.lambda",
            "aws_dynamodb_table.plutus_data",
            "aws_dynamodb_table.tc_acceptance",
            "aws_iam_role.lambda_exec",
            "aws_lambda_function.plutus_api",
            "data.aws_s3_bucket.backups"
          ]
        },
        {
          "index_key": "GET /reports/roi",
          "schema_version": 0,
          "attributes": {
            "api_id": "iw68fbk44c",
            "api_key_required": false,
            "authorization_scopes": [],
            "authorization_type": "JWT",
            "authorizer_id": "2nsi5t",
            "id": "lplo3x2",
            "model_selection_expression": "",
            "operation_name": "",
            "region": "ap-southeast-1",
            "request_models": {},
            "request_parameter": [],
            "route_key": "GET /reports/roi",
            "route_response_selection_expression": "",
            "target": "integrations/cxry2mr"
          },
          "sensitive_attributes": [],
          "identity_schema_version": 0,
          "private": "eyJzY2hlbWFfdmVyc2lvbiI6IjAifQ==",
          "dependencies": [
            "aws_apigatewayv2_api.plutus",
            "aws_apigatewayv2_authorizer.google_jwt",
            "aws_apigatewayv2_integration.lambda",
            "aws_dynamodb_table.plutus_data",
            "aws_dynamodb_table.tc_acceptance",
            "aws_iam_role.lambda_exec",
            "aws_lambda_function.plutus_api",
            "data.aws_s3_bucket.backups"
          ]
        },
        {
          "index_key": "GET /transactions",
          "schema_version": 0,
          "attributes": {
            "api_id": "iw68fbk44c",
            "api_key_required": false,
            "authorization_scopes": [],
            "authorization_type": "JWT",
            "authorizer_id": "2nsi5t",
            "id": "geibhqr",
            "model_selection_expression": "",
            "operation_name": "",
            "region": "ap-southeast-1",
            "request_models": {},
            "request_parameter": [],
            "route_key": "GET /transactions",
            "route_response_selection_expression": "",
            "target": "integrations/cxry2mr"
          },
          "sensitive_attributes": [],
          "identity_schema_version": 0,
          "private": "eyJzY2hlbWFfdmVyc2lvbiI6IjAifQ==",
          "dependencies": [
            "aws_apigatewayv2_api.plutus",
            "aws_apigatewayv2_authorizer.google_jwt",
            "aws_apigatewayv2_integration.lambda",
            "aws_dynamodb_table.plutus_data",
            "aws_dynamodb_table.tc_acceptance",
            "aws_iam_role.lambda_exec",
            "aws_lambda_function.plutus_api",
            "data.aws_s3_bucket.backups"
          ]
        },
        {
          "index_key": "POST /backups",
          "schema_version": 0,
          "attributes": {
            "api_id": "iw68fbk44c",
            "api_key_required": false,
            "authorization_scopes": [],
            "authorization_type": "JWT",
            "authorizer_id": "2nsi5t",
            "id": "b5405t6",
            "model_selection_expression": "",
            "operation_name": "",
            "region": "ap-southeast-1",
            "request_models": {},
            "request_parameter": [],
            "route_key": "POST /backups",
            "route_response_selection_expression": "",
            "target": "integrations/cxry2mr"
          },
          "sensitive_attributes": [],
          "identity_schema_version": 0,
          "private": "eyJzY2hlbWFfdmVyc2lvbiI6IjAifQ==",
          "dependencies": [
            "aws_apigatewayv2_api.plutus",
            "aws_apigatewayv2_authorizer.google_jwt",
            "aws_apigatewayv2_integration.lambda",
            "aws_dynamodb_table.plutus_data",
            "aws_dynamodb_table.tc_acceptance",
            "aws_iam_role.lambda_exec",
            "aws_lambda_function.plutus_api",
            "data.aws_s3_bucket.backups"
          ]
        },
        {
          "index_key": "POST /backups/restore",
          "schema_version": 0,
          "attributes": {
            "api_id": "iw68fbk44c",
            "api_key_required": false,
            "authorization_scopes": [],
            "authorization_type": "JWT",
            "authorizer_id": "2nsi5t",
            "id": "da4q5rs",
            "model_selection_expression": "",
            "operation_name": "",
            "region": "ap-southeast-1",
            "request_models": {},
            "request_parameter": [],
            "route_key": "POST /backups/restore",
            "route_response_selection_expression": "",
            "target": "integrations/cxry2mr"
          },
          "sensitive_attributes": [],
          "identity_schema_version": 0,
          "private": "eyJzY2hlbWFfdmVyc2lvbiI6IjAifQ==",
          "dependencies": [
            "aws_apigatewayv2_api.plutus",
            "aws_apigatewayv2_authorizer.google_jwt",
            "aws_apigatewayv2_integration.lambda",
            "aws_dynamodb_table.plutus_data",
            "aws_dynamodb_table.tc_acceptance",
            "aws_iam_role.lambda_exec",
            "aws_lambda_function.plutus_api",
            "data.aws_s3_bucket.backups"
          ]
        },
        {
          "index_key": "POST /consent",
          "schema_version": 0,
          "attributes": {
            "api_id": "iw68fbk44c",
            "api_key_required": false,
            "authorization_scopes": [],
            "authorization_type": "JWT",
            "authorizer_id": "2nsi5t",
            "id": "mdgsvr8",
            "model_selection_expression": "",
            "operation_name": "",
            "region": "ap-southeast-1",
            "request_models": {},
            "request_parameter": [],
            "route_key": "POST /consent",
            "route_response_selection_expression": "",
            "target": "integrations/cxry2mr"
          },
          "sensitive_attributes": [],
          "identity_schema_version": 0,
          "private": "eyJzY2hlbWFfdmVyc2lvbiI6IjAifQ==",
          "dependencies": [
            "aws_apigatewayv2_api.plutus",
            "aws_apigatewayv2_authorizer.google_jwt",
            "aws_apigatewayv2_integration.lambda",
            "aws_dynamodb_table.plutus_data",
            "aws_dynamodb_table.tc_acceptance",
            "aws_iam_role.lambda_exec",
            "aws_lambda_function.plutus_api",
            "data.aws_s3_bucket.backups"
          ]
        },
        {
          "index_key": "POST /import",
          "schema_version": 0,
          "attributes": {
            "api_id": "iw68fbk44c",
            "api_key_required": false,
            "authorization_scopes": [],
            "authorization_type": "JWT",
            "authorizer_id": "2nsi5t",
            "id": "o7btwl0",
            "model_selection_expression": "",
            "operation_name": "",
            "region": "ap-southeast-1",
            "request_models": {},
            "request_parameter": [],
            "route_key": "POST /import",
            "route_response_selection_expression": "",
            "target": "integrations/cxry2mr"
          },
          "sensitive_attributes": [],
          "identity_schema_version": 0,
          "private": "eyJzY2hlbWFfdmVyc2lvbiI6IjAifQ==",
          "dependencies": [
            "aws_apigatewayv2_api.plutus",
            "aws_apigatewayv2_authorizer.google_jwt",
            "aws_apigatewayv2_integration.lambda",
            "aws_dynamodb_table.plutus_data",
            "aws_dynamodb_table.tc_acceptance",
            "aws_iam_role.lambda_exec",
            "aws_lambda_function.plutus_api",
            "data.aws_s3_bucket.backups"
          ]
        },
        {
          "index_key": "POST /investments",
          "schema_version": 0,
          "attributes": {
            "api_id": "iw68fbk44c",
            "api_key_required": false,
            "authorization_scopes": [],
            "authorization_type": "JWT",
            "authorizer_id": "2nsi5t",
            "id": "8dtnsxd",
            "model_selection_expression": "",
            "operation_name": "",
            "region": "ap-southeast-1",
            "request_models": {},
            "request_parameter": [],
            "route_key": "POST /investments",
            "route_response_selection_expression": "",
            "target": "integrations/cxry2mr"
          },
          "sensitive_attributes": [],
          "identity_schema_version": 0,
          "private": "eyJzY2hlbWFfdmVyc2lvbiI6IjAifQ==",
          "dependencies": [
            "aws_apigatewayv2_api.plutus",
            "aws_apigatewayv2_authorizer.google_jwt",
            "aws_apigatewayv2_integration.lambda",
            "aws_dynamodb_table.plutus_data",
            "aws_dynamodb_table.tc_acceptance",
            "aws_iam_role.lambda_exec",
            "aws_lambda_function.plutus_api",
            "data.aws_s3_bucket.backups"
          ]
        },
        {
          "index_key": "POST /transactions",
          "schema_version": 0,
          "attributes": {
            "api_id": "iw68fbk44c",
            "api_key_required": false,
            "authorization_scopes": [],
            "authorization_type": "JWT",
            "authorizer_id": "2nsi5t",
            "id": "66rzm9m",
            "model_selection_expression": "",
            "operation_name": "",
            "region": "ap-southeast-1",
            "request_models": {},
            "request_parameter": [],
            "route_key": "POST /transactions",
            "route_response_selection_expression": "",
            "target": "integrations/cxry2mr"
          },
          "sensitive_attributes": [],
          "identity_schema_version": 0,
          "private": "eyJzY2hlbWFfdmVyc2lvbiI6IjAifQ==",
          "dependencies": [
            "aws_apigatewayv2_api.plutus",
            "aws_apigatewayv2_authorizer.google_jwt",
            "aws_apigatewayv2_integration.lambda",
            "aws_dynamodb_table.plutus_data",
            "aws_dynamodb_table.tc_acceptance",
            "aws_iam_role.lambda_exec",
            "aws_lambda_function.plutus_api",
            "data.aws_s3_bucket.backups"
          ]
        },
        {
          "index_key": "PUT /investments/{id}",
          "schema_version": 0,
          "attributes": {
            "api_id": "iw68fbk44c",
            "api_key_required": false,
            "authorization_scopes": [],
            "authorization_type": "JWT",
            "authorizer_id": "2nsi5t",
            "id": "njp21qf",
            "model_selection_expression": "",
            "operation_name": "",
            "region": "ap-southeast-1",
            "request_models": {},
            "request_parameter": [],
            "route_key": "PUT /investments/{id}",
            "route_response_selection_expression": "",
            "target": "integrations/cxry2mr"
          },
          "sensitive_attributes": [],
          "identity_schema_version": 0,
          "private": "eyJzY2hlbWFfdmVyc2lvbiI6IjAifQ==",
          "dependencies": [
            "aws_apigatewayv2_api.plutus",
            "aws_apigatewayv2_authorizer.google_jwt",
            "aws_apigatewayv2_integration.lambda",
            "aws_dynamodb_table.plutus_data",
            "aws_dynamodb_table.tc_acceptance",
            "aws_iam_role.lambda_exec",
            "aws_lambda_function.plutus_api",
            "data.aws_s3_bucket.backups"
          ]
        }
      ]
    },
    {
      "mode": "managed",
      "type": "aws_apigatewayv2_stage",
      "name": "default",
      "provider": "provider[\"registry.terraform.io/hashicorp/aws\"]",
      "instances": [
        {
          "schema_version": 0,
          "attributes": {
            "access_log_settings": [
              {
                "destination_arn": "arn:aws:logs:ap-southeast-1:600627340244:log-group:/aws/apigateway/plutus-api",
                "format": "{\"httpMethod\":\"$context.httpMethod\",\"ip\":\"$context.identity.sourceIp\",\"protocol\":\"$context.protocol\",\"requestId\":\"$context.requestId\",\"requestTime\":\"$context.requestTime\",\"responseLength\":\"$context.responseLength\",\"routeKey\":\"$context.routeKey\",\"status\":\"$context.status\"}"
              }
            ],
            "api_id": "iw68fbk44c",
            "arn": "arn:aws:apigateway:ap-southeast-1::/apis/iw68fbk44c/stages/$default",
            "auto_deploy": true,
            "client_certificate_id": "",
            "default_route_settings": [
              {
                "data_trace_enabled": false,
                "detailed_metrics_enabled": false,
                "logging_level": "",
                "throttling_burst_limit": 0,
                "throttling_rate_limit": 0
              }
            ],
            "deployment_id": "8iepky",
            "description": "",
            "execution_arn": "arn:aws:execute-api:ap-southeast-1:600627340244:iw68fbk44c/$default",
            "id": "$default",
            "invoke_url": "https://iw68fbk44c.execute-api.ap-southeast-1.amazonaws.com/",
            "name": "$default",
            "region": "ap-southeast-1",
            "route_settings": [],
            "stage_variables": {},
            "tags": {
              "Project": "Plutus"
            },
            "tags_all": {
              "Project": "Plutus"
            }
          },
          "sensitive_attributes": [],
          "identity_schema_version": 0,
          "private": "eyJzY2hlbWFfdmVyc2lvbiI6IjAifQ==",
          "dependencies": [
            "aws_apigatewayv2_api.plutus",
            "aws_cloudwatch_log_group.api_gateway_logs"
          ]
        }
      ]
    },
    {
      "mode": "managed",
      "type": "aws_cloudwatch_log_group",
      "name": "ai_categorize",
      "provider": "provider[\"registry.terraform.io/hashicorp/aws\"]",
      "instances": [
        {
          "schema_version": 0,
          "attributes": {
            "arn": "arn:aws:logs:ap-southeast-1:600627340244:log-group:/aws/lambda/plutus-ai-categorize",
            "deletion_protection_enabled": false,
            "id": "/aws/lambda/plutus-ai-categorize",
            "kms_key_id": "",
            "log_group_class": "STANDARD",
            "name": "/aws/lambda/plutus-ai-categorize",
            "name_prefix": "",
            "region": "ap-southeast-1",
            "retention_in_days": 14,
            "skip_destroy": false,
            "tags": {
              "Component": "AI",
              "Project": "Plutus"
            },
            "tags_all": {
              "Component": "AI",
              "Project": "Plutus"
            }
          },
          "sensitive_attributes": [],
          "identity_schema_version": 0,
          "identity": {
            "account_id": "600627340244",
            "name": "/aws/lambda/plutus-ai-categorize",
            "region": "ap-southeast-1"
          },
          "private": "eyJzY2hlbWFfdmVyc2lvbiI6IjAifQ==",
          "dependencies": [
            "aws_iam_role.ai_lambda_exec",
            "aws_lambda_function.ai_categorize",
            "aws_lambda_layer_version.ai_shared"
          ]
        }
      ]
    },
    {
      "mode": "managed",
      "type": "aws_cloudwatch_log_group",
      "name": "api_gateway_logs",
      "provider": "provider[\"registry.terraform.io/hashicorp/aws\"]",
      "instances": [
        {
          "schema_version": 0,
          "attributes": {
            "arn": "arn:aws:logs:ap-southeast-1:600627340244:log-group:/aws/apigateway/plutus-api",
            "deletion_protection_enabled": false,
            "id": "/aws/apigateway/plutus-api",
            "kms_key_id": "",
            "log_group_class": "STANDARD",
            "name": "/aws/apigateway/plutus-api",
            "name_prefix": "",
            "region": "ap-southeast-1",
            "retention_in_days": 14,
            "skip_destroy": false,
            "tags": {
              "Project": "Plutus"
            },
            "tags_all": {
              "Project": "Plutus"
            }
          },
          "sensitive_attributes": [],
          "identity_schema_version": 0,
          "identity": {
            "account_id": "600627340244",
            "name": "/aws/apigateway/plutus-api",
            "region": "ap-southeast-1"
          },
          "private": "eyJzY2hlbWFfdmVyc2lvbiI6IjAifQ=="
        }
      ]
    },
    {
      "mode": "managed",
      "type": "aws_cloudwatch_log_group",
      "name": "lambda_logs",
      "provider": "provider[\"registry.terraform.io/hashicorp/aws\"]",
      "instances": [
        {
          "schema_version": 0,
          "attributes": {
            "arn": "arn:aws:logs:ap-southeast-1:600627340244:log-group:/aws/lambda/plutus-api",
            "deletion_protection_enabled": false,
            "id": "/aws/lambda/plutus-api",
            "kms_key_id": "",
            "log_group_class": "STANDARD",
            "name": "/aws/lambda/plutus-api",
            "name_prefix": "",
            "region": "ap-southeast-1",
            "retention_in_days": 14,
            "skip_destroy": false,
            "tags": {
              "Project": "Plutus"
            },
            "tags_all": {
              "Project": "Plutus"
            }
          },
          "sensitive_attributes": [],
          "identity_schema_version": 0,
          "identity": {
            "account_id": "600627340244",
            "name": "/aws/lambda/plutus-api",
            "region": "ap-southeast-1"
          },
          "private": "eyJzY2hlbWFfdmVyc2lvbiI6IjAifQ==",
          "dependencies": [
            "aws_dynamodb_table.plutus_data",
            "aws_dynamodb_table.tc_acceptance",
            "aws_iam_role.lambda_exec",
            "aws_lambda_function.plutus_api",
            "data.aws_s3_bucket.backups"
          ]
        }
      ]
    },
    {
      "mode": "managed",
      "type": "aws_dynamodb_table",
      "name": "plutus_data",
      "provider": "provider[\"registry.terraform.io/hashicorp/aws\"]",
      "instances": [
        {
          "schema_version": 1,
          "attributes": {
            "arn": "arn:aws:dynamodb:ap-southeast-1:600627340244:table/plutus-data",
            "attribute": [
              {
                "name": "GSI1PK",
                "type": "S"
              },
              {
                "name": "GSI1SK",
                "type": "S"
              },
              {
                "name": "PK",
                "type": "S"
              },
              {
                "name": "SK",
                "type": "S"
              }
            ],
            "billing_mode": "PAY_PER_REQUEST",
            "deletion_protection_enabled": false,
            "global_secondary_index": [
              {
                "hash_key": "GSI1PK",
                "key_schema": [
                  {
                    "attribute_name": "GSI1PK",
                    "key_type": "HASH"
                  },
                  {
                    "attribute_name": "GSI1SK",
                    "key_type": "RANGE"
                  }
                ],
                "name": "GSI1",
                "non_key_attributes": [],
                "on_demand_throughput": [],
                "projection_type": "ALL",
                "range_key": "GSI1SK",
                "read_capacity": 0,
                "warm_throughput": [],
                "write_capacity": 0
              }
            ],
            "global_table_witness": [],
            "hash_key": "PK",
            "id": "plutus-data",
            "import_table": [],
            "local_secondary_index": [],
            "name": "plutus-data",
            "on_demand_throughput": [],
            "point_in_time_recovery": [
              {
                "enabled": false,
                "recovery_period_in_days": 0
              }
            ],
            "range_key": "SK",
            "read_capacity": 0,
            "region": "ap-southeast-1",
            "replica": [],
            "restore_backup_arn": null,
            "restore_date_time": null,
            "restore_source_name": null,
            "restore_source_table_arn": null,
            "restore_to_latest_time": null,
            "server_side_encryption": [],
            "stream_arn": "",
            "stream_enabled": false,
            "stream_label": "",
            "stream_view_type": "",
            "table_class": "STANDARD",
            "tags": {
              "Project": "Plutus"
            },
            "tags_all": {
              "Project": "Plutus"
            },
            "timeouts": null,
            "ttl": [
              {
                "attribute_name": "",
                "enabled": false
              }
            ],
            "warm_throughput": [],
            "write_capacity": 0
          },
          "sensitive_attributes": [],
          "identity_schema_version": 0,
          "private": "eyJlMmJmYjczMC1lY2FhLTExZTYtOGY4OC0zNDM2M2JjN2M0YzAiOnsiY3JlYXRlIjoxODAwMDAwMDAwMDAwLCJkZWxldGUiOjYwMDAwMDAwMDAwMCwidXBkYXRlIjozNjAwMDAwMDAwMDAwfSwic2NoZW1hX3ZlcnNpb24iOiIxIn0="
        }
      ]
    },
    {
      "mode": "managed",
      "type": "aws_dynamodb_table",
      "name": "tc_acceptance",
      "provider": "provider[\"registry.terraform.io/hashicorp/aws\"]",
      "instances": [
        {
          "schema_version": 1,
          "attributes": {
            "arn": "arn:aws:dynamodb:ap-southeast-1:600627340244:table/plutus-tc-acceptance",
            "attribute": [
              {
                "name": "email",
                "type": "S"
              }
            ],
            "billing_mode": "PAY_PER_REQUEST",
            "deletion_protection_enabled": false,
            "global_secondary_index": [],
            "global_table_witness": [],
            "hash_key": "email",
            "id": "plutus-tc-acceptance",
            "import_table": [],
            "local_secondary_index": [],
            "name": "plutus-tc-acceptance",
            "on_demand_throughput": [],
            "point_in_time_recovery": [
              {
                "enabled": false,
                "recovery_period_in_days": 0
              }
            ],
            "range_key": null,
            "read_capacity": 0,
            "region": "ap-southeast-1",
            "replica": [],
            "restore_backup_arn": null,
            "restore_date_time": null,
            "restore_source_name": null,
            "restore_source_table_arn": null,
            "restore_to_latest_time": null,
            "server_side_encryption": [],
            "stream_arn": "",
            "stream_enabled": false,
            "stream_label": "",
            "stream_view_type": "",
            "table_class": "STANDARD",
            "tags": {
              "Project": "Plutus",
              "Purpose": "Terms and Conditions acceptance tracking"
            },
            "tags_all": {
              "Project": "Plutus",
              "Purpose": "Terms and Conditions acceptance tracking"
            },
            "timeouts": null,
            "ttl": [
              {
                "attribute_name": "",
                "enabled": false
              }
            ],
            "warm_throughput": [],
            "write_capacity": 0
          },
          "sensitive_attributes": [],
          "identity_schema_version": 0,
          "private": "eyJlMmJmYjczMC1lY2FhLTExZTYtOGY4OC0zNDM2M2JjN2M0YzAiOnsiY3JlYXRlIjoxODAwMDAwMDAwMDAwLCJkZWxldGUiOjYwMDAwMDAwMDAwMCwidXBkYXRlIjozNjAwMDAwMDAwMDAwfSwic2NoZW1hX3ZlcnNpb24iOiIxIn0="
        }
      ]
    },
    {
      "mode": "managed",
      "type": "aws_iam_role",
      "name": "ai_insights_role",
      "provider": "provider[\"registry.terraform.io/hashicorp/aws\"]",
      "instances": [
        {
          "schema_version": 0,
          "attributes": {
            "arn": "arn:aws:iam::600627340244:role/plutus-ai-insights-role",
            "assume_role_policy": "{\"Statement\":[{\"Action\":\"sts:AssumeRole\",\"Effect\":\"Allow\",\"Principal\":{\"Service\":\"lambda.amazonaws.com\"}}],\"Version\":\"2012-10-17\"}",
            "create_date": "2026-03-29T12:55:23Z",
            "description": "",
            "force_detach_policies": false,
            "id": "plutus-ai-insights-role",
            "inline_policy": [
              {
                "name": "plutus-ai-insights-bedrock",
                "policy": "{\"Version\":\"2012-10-17\",\"Statement\":[{\"Action\":[\"bedrock:InvokeModel\"],\"Effect\":\"Allow\",\"Resource\":[\"arn:aws:bedrock:ap-southeast-1:600627340244:inference-profile/global.anthropic.claude-haiku-4-5-20251001-v1:0\",\"arn:aws:bedrock:*::foundation-model/anthropic.claude-haiku-4-5-20251001-v1:0\"]}]}"
              }
            ],
            "managed_policy_arns": [
              "arn:aws:iam::aws:policy/service-role/AWSLambdaBasicExecutionRole"
            ],
            "max_session_duration": 3600,
            "name": "plutus-ai-insights-role",
            "name_prefix": "",
            "path": "/",
            "permissions_boundary": "",
            "tags": {
              "Component": "AI",
              "Project": "Plutus"
            },
            "tags_all": {
              "Component": "AI",
              "Project": "Plutus"
            },
            "unique_id": "AROAYXWBN4PKG2VMQENYW"
          },
          "sensitive_attributes": [],
          "identity_schema_version": 0,
          "identity": {
            "account_id": "600627340244",
            "name": "plutus-ai-insights-role"
          },
          "private": "eyJzY2hlbWFfdmVyc2lvbiI6IjAifQ==",
          "create_before_destroy": true
        }
      ]
    },
    {
      "mode": "managed",
      "type": "aws_iam_role",
      "name": "ai_lambda_exec",
      "provider": "provider[\"registry.terraform.io/hashicorp/aws\"]",
      "instances": [
        {
          "schema_version": 0,
          "attributes": {
            "arn": "arn:aws:iam::600627340244:role/plutus-ai-lambda-role",
            "assume_role_policy": "{\"Statement\":[{\"Action\":\"sts:AssumeRole\",\"Effect\":\"Allow\",\"Principal\":{\"Service\":\"lambda.amazonaws.com\"}}],\"Version\":\"2012-10-17\"}",
            "create_date": "2026-03-29T05:00:29Z",
            "description": "",
            "force_detach_policies": false,
            "id": "plutus-ai-lambda-role",
            "inline_policy": [
              {
                "name": "plutus-ai-bedrock-invoke",
                "policy": "{\"Version\":\"2012-10-17\",\"Statement\":[{\"Action\":[\"bedrock:InvokeModel\"],\"Effect\":\"Allow\",\"Resource\":[\"arn:aws:bedrock:ap-southeast-1:600627340244:inference-profile/global.anthropic.claude-haiku-4-5-20251001-v1:0\",\"arn:aws:bedrock:*::foundation-model/anthropic.claude-haiku-4-5-20251001-v1:0\"]}]}"
              }
            ],
            "managed_policy_arns": [
              "arn:aws:iam::aws:policy/service-role/AWSLambdaBasicExecutionRole"
            ],
            "max_session_duration": 3600,
            "name": "plutus-ai-lambda-role",
            "name_prefix": "",
            "path": "/",
            "permissions_boundary": "",
            "tags": {
              "Component": "AI",
              "Project": "Plutus"
            },
            "tags_all": {
              "Component": "AI",
              "Project": "Plutus"
            },
            "unique_id": "AROAYXWBN4PKCDZZIOCKH"
          },
          "sensitive_attributes": [],
          "identity_schema_version": 0,
          "identity": {
            "account_id": "600627340244",
            "name": "plutus-ai-lambda-role"
          },
          "private": "eyJzY2hlbWFfdmVyc2lvbiI6IjAifQ==",
          "create_before_destroy": true
        }
      ]
    },
    {
      "mode": "managed",
      "type": "aws_iam_role",
      "name": "ai_report_insights_role",
      "provider": "provider[\"registry.terraform.io/hashicorp/aws\"]",
      "instances": [
        {
          "schema_version": 0,
          "attributes": {
            "arn": "arn:aws:iam::600627340244:role/plutus-ai-report-insights-role",
            "assume_role_policy": "{\"Statement\":[{\"Action\":\"sts:AssumeRole\",\"Effect\":\"Allow\",\"Principal\":{\"Service\":\"lambda.amazonaws.com\"}}],\"Version\":\"2012-10-17\"}",
            "create_date": "2026-04-04T02:50:11Z",
            "description": "",
            "force_detach_policies": false,
            "id": "plutus-ai-report-insights-role",
            "inline_policy": [
              {
                "name": "plutus-ai-report-insights-bedrock",
                "policy": "{\"Version\":\"2012-10-17\",\"Statement\":[{\"Action\":[\"bedrock:InvokeModel\"],\"Effect\":\"Allow\",\"Resource\":[\"arn:aws:bedrock:ap-southeast-1:600627340244:inference-profile/global.anthropic.claude-haiku-4-5-20251001-v1:0\",\"arn:aws:bedrock:*::foundation-model/anthropic.claude-haiku-4-5-20251001-v1:0\"]}]}"
              }
            ],
            "managed_policy_arns": [
              "arn:aws:iam::aws:policy/service-role/AWSLambdaBasicExecutionRole"
            ],
            "max_session_duration": 3600,
            "name": "plutus-ai-report-insights-role",
            "name_prefix": "",
            "path": "/",
            "permissions_boundary": "",
            "tags": {
              "Component": "AI",
              "Project": "Plutus"
            },
            "tags_all": {
              "Component": "AI",
              "Project": "Plutus"
            },
            "unique_id": "AROAYXWBN4PKF34EBSCDV"
          },
          "sensitive_attributes": [],
          "identity_schema_version": 0,
          "identity": {
            "account_id": "600627340244",
            "name": "plutus-ai-report-insights-role"
          },
          "private": "eyJzY2hlbWFfdmVyc2lvbiI6IjAifQ==",
          "create_before_destroy": true
        }
      ]
    },
    {
      "mode": "managed",
      "type": "aws_iam_role",
      "name": "lambda_exec",
      "provider": "provider[\"registry.terraform.io/hashicorp/aws\"]",
      "instances": [
        {
          "schema_version": 0,
          "attributes": {
            "arn": "arn:aws:iam::600627340244:role/plutus-api-lambda-role",
            "assume_role_policy": "{\"Statement\":[{\"Action\":\"sts:AssumeRole\",\"Effect\":\"Allow\",\"Principal\":{\"Service\":\"lambda.amazonaws.com\"}}],\"Version\":\"2012-10-17\"}",
            "create_date": "2026-03-27T18:52:50Z",
            "description": "",
            "force_detach_policies": false,
            "id": "plutus-api-lambda-role",
            "inline_policy": [
              {
                "name": "plutus-lambda-dynamodb",
                "policy": "{\"Version\":\"2012-10-17\",\"Statement\":[{\"Action\":[\"dynamodb:GetItem\",\"dynamodb:PutItem\",\"dynamodb:UpdateItem\",\"dynamodb:DeleteItem\",\"dynamodb:Query\",\"dynamodb:Scan\",\"dynamodb:BatchWriteItem\",\"dynamodb:BatchGetItem\"],\"Effect\":\"Allow\",\"Resource\":[\"arn:aws:dynamodb:ap-southeast-1:600627340244:table/plutus-data\",\"arn:aws:dynamodb:ap-southeast-1:600627340244:table/plutus-data/index/*\",\"arn:aws:dynamodb:ap-southeast-1:600627340244:table/plutus-tc-acceptance\"]}]}"
              },
              {
                "name": "plutus-lambda-s3",
                "policy": "{\"Version\":\"2012-10-17\",\"Statement\":[{\"Action\":[\"s3:GetObject\",\"s3:PutObject\",\"s3:DeleteObject\",\"s3:ListBucket\"],\"Effect\":\"Allow\",\"Resource\":[\"arn:aws:s3:::pluwus-backups\",\"arn:aws:s3:::pluwus-backups/*\"]}]}"
              }
            ],
            "managed_policy_arns": [
              "arn:aws:iam::aws:policy/service-role/AWSLambdaBasicExecutionRole"
            ],
            "max_session_duration": 3600,
            "name": "plutus-api-lambda-role",
            "name_prefix": "",
            "path": "/",
            "permissions_boundary": "",
            "tags": {},
            "tags_all": {},
            "unique_id": "AROAYXWBN4PKGUXVSAD4A"
          },
          "sensitive_attributes": [],
          "identity_schema_version": 0,
          "identity": {
            "account_id": "600627340244",
            "name": "plutus-api-lambda-role"
          },
          "private": "eyJzY2hlbWFfdmVyc2lvbiI6IjAifQ=="
        }
      ]
    },
    {
      "mode": "managed",
      "type": "aws_iam_role_policy",
      "name": "ai_insights_bedrock",
      "provider": "provider[\"registry.terraform.io/hashicorp/aws\"]",
      "instances": [
        {
          "schema_version": 0,
          "attributes": {
            "id": "plutus-ai-insights-role:plutus-ai-insights-bedrock",
            "name": "plutus-ai-insights-bedrock",
            "name_prefix": "",
            "policy": "{\"Version\":\"2012-10-17\",\"Statement\":[{\"Action\":[\"bedrock:InvokeModel\"],\"Effect\":\"Allow\",\"Resource\":[\"arn:aws:bedrock:ap-southeast-1:600627340244:inference-profile/global.anthropic.claude-haiku-4-5-20251001-v1:0\",\"arn:aws:bedrock:*::foundation-model/anthropic.claude-haiku-4-5-20251001-v1:0\"]}]}",
            "role": "plutus-ai-insights-role"
          },
          "sensitive_attributes": [],
          "identity_schema_version": 0,
          "identity": {
            "account_id": "600627340244",
            "name": "plutus-ai-insights-bedrock",
            "role": "plutus-ai-insights-role"
          },
          "private": "eyJzY2hlbWFfdmVyc2lvbiI6IjAifQ==",
          "dependencies": [
            "aws_iam_role.ai_insights_role",
            "data.aws_caller_identity.current"
          ]
        }
      ]
    },
    {
      "mode": "managed",
      "type": "aws_iam_role_policy",
      "name": "ai_lambda_bedrock",
      "provider": "provider[\"registry.terraform.io/hashicorp/aws\"]",
      "instances": [
        {
          "schema_version": 0,
          "attributes": {
            "id": "plutus-ai-lambda-role:plutus-ai-bedrock-invoke",
            "name": "plutus-ai-bedrock-invoke",
            "name_prefix": "",
            "policy": "{\"Version\":\"2012-10-17\",\"Statement\":[{\"Action\":[\"bedrock:InvokeModel\"],\"Effect\":\"Allow\",\"Resource\":[\"arn:aws:bedrock:ap-southeast-1:600627340244:inference-profile/global.anthropic.claude-haiku-4-5-20251001-v1:0\",\"arn:aws:bedrock:*::foundation-model/anthropic.claude-haiku-4-5-20251001-v1:0\"]}]}",
            "role": "plutus-ai-lambda-role"
          },
          "sensitive_attributes": [],
          "identity_schema_version": 0,
          "identity": {
            "account_id": "600627340244",
            "name": "plutus-ai-bedrock-invoke",
            "role": "plutus-ai-lambda-role"
          },
          "private": "eyJzY2hlbWFfdmVyc2lvbiI6IjAifQ==",
          "dependencies": [
            "aws_iam_role.ai_lambda_exec",
            "data.aws_caller_identity.current"
          ]
        }
      ]
    },
    {
      "mode": "managed",
      "type": "aws_iam_role_policy",
      "name": "ai_report_insights_bedrock",
      "provider": "provider[\"registry.terraform.io/hashicorp/aws\"]",
      "instances": [
        {
          "schema_version": 0,
          "attributes": {
            "id": "plutus-ai-report-insights-role:plutus-ai-report-insights-bedrock",
            "name": "plutus-ai-report-insights-bedrock",
            "name_prefix": "",
            "policy": "{\"Version\":\"2012-10-17\",\"Statement\":[{\"Action\":[\"bedrock:InvokeModel\"],\"Effect\":\"Allow\",\"Resource\":[\"arn:aws:bedrock:ap-southeast-1:600627340244:inference-profile/global.anthropic.claude-haiku-4-5-20251001-v1:0\",\"arn:aws:bedrock:*::foundation-model/anthropic.claude-haiku-4-5-20251001-v1:0\"]}]}",
            "role": "plutus-ai-report-insights-role"
          },
          "sensitive_attributes": [],
          "identity_schema_version": 0,
          "identity": {
            "account_id": "600627340244",
            "name": "plutus-ai-report-insights-bedrock",
            "role": "plutus-ai-report-insights-role"
          },
          "private": "eyJzY2hlbWFfdmVyc2lvbiI6IjAifQ==",
          "dependencies": [
            "aws_iam_role.ai_report_insights_role",
            "data.aws_caller_identity.current"
          ]
        }
      ]
    },
    {
      "mode": "managed",
      "type": "aws_iam_role_policy",
      "name": "lambda_dynamodb",
      "provider": "provider[\"registry.terraform.io/hashicorp/aws\"]",
      "instances": [
        {
          "schema_version": 0,
          "attributes": {
            "id": "plutus-api-lambda-role:plutus-lambda-dynamodb",
            "name": "plutus-lambda-dynamodb",
            "name_prefix": "",
            "policy": "{\"Version\":\"2012-10-17\",\"Statement\":[{\"Action\":[\"dynamodb:GetItem\",\"dynamodb:PutItem\",\"dynamodb:UpdateItem\",\"dynamodb:DeleteItem\",\"dynamodb:Query\",\"dynamodb:Scan\",\"dynamodb:BatchWriteItem\",\"dynamodb:BatchGetItem\"],\"Effect\":\"Allow\",\"Resource\":[\"arn:aws:dynamodb:ap-southeast-1:600627340244:table/plutus-data\",\"arn:aws:dynamodb:ap-southeast-1:600627340244:table/plutus-data/index/*\",\"arn:aws:dynamodb:ap-southeast-1:600627340244:table/plutus-tc-acceptance\"]}]}",
            "role": "plutus-api-lambda-role"
          },
          "sensitive_attributes": [],
          "identity_schema_version": 0,
          "identity": {
            "account_id": "600627340244",
            "name": "plutus-lambda-dynamodb",
            "role": "plutus-api-lambda-role"
          },
          "private": "eyJzY2hlbWFfdmVyc2lvbiI6IjAifQ==",
          "dependencies": [
            "aws_dynamodb_table.plutus_data",
            "aws_dynamodb_table.tc_acceptance",
            "aws_iam_role.lambda_exec"
          ]
        }
      ]
    },
    {
      "mode": "managed",
      "type": "aws_iam_role_policy",
      "name": "lambda_s3",
      "provider": "provider[\"registry.terraform.io/hashicorp/aws\"]",
      "instances": [
        {
          "schema_version": 0,
          "attributes": {
            "id": "plutus-api-lambda-role:plutus-lambda-s3",
            "name": "plutus-lambda-s3",
            "name_prefix": "",
            "policy": "{\"Version\":\"2012-10-17\",\"Statement\":[{\"Action\":[\"s3:GetObject\",\"s3:PutObject\",\"s3:DeleteObject\",\"s3:ListBucket\"],\"Effect\":\"Allow\",\"Resource\":[\"arn:aws:s3:::pluwus-backups\",\"arn:aws:s3:::pluwus-backups/*\"]}]}",
            "role": "plutus-api-lambda-role"
          },
          "sensitive_attributes": [],
          "identity_schema_version": 0,
          "identity": {
            "account_id": "600627340244",
            "name": "plutus-lambda-s3",
            "role": "plutus-api-lambda-role"
          },
          "private": "eyJzY2hlbWFfdmVyc2lvbiI6IjAifQ==",
          "dependencies": [
            "aws_iam_role.lambda_exec",
            "data.aws_s3_bucket.backups"
          ]
        }
      ]
    },
    {
      "mode": "managed",
      "type": "aws_iam_role_policy_attachment",
      "name": "ai_insights_logs",
      "provider": "provider[\"registry.terraform.io/hashicorp/aws\"]",
      "instances": [
        {
          "schema_version": 0,
          "attributes": {
            "id": "plutus-ai-insights-role/arn:aws:iam::aws:policy/service-role/AWSLambdaBasicExecutionRole",
            "policy_arn": "arn:aws:iam::aws:policy/service-role/AWSLambdaBasicExecutionRole",
            "role": "plutus-ai-insights-role"
          },
          "sensitive_attributes": [],
          "identity_schema_version": 0,
          "identity": {
            "account_id": "600627340244",
            "policy_arn": "arn:aws:iam::aws:policy/service-role/AWSLambdaBasicExecutionRole",
            "role": "plutus-ai-insights-role"
          },
          "private": "eyJzY2hlbWFfdmVyc2lvbiI6IjAifQ==",
          "dependencies": [
            "aws_iam_role.ai_insights_role"
          ]
        }
      ]
    },
    {
      "mode": "managed",
      "type": "aws_iam_role_policy_attachment",
      "name": "ai_lambda_logs",
      "provider": "provider[\"registry.terraform.io/hashicorp/aws\"]",
      "instances": [
        {
          "schema_version": 0,
          "attributes": {
            "id": "plutus-ai-lambda-role/arn:aws:iam::aws:policy/service-role/AWSLambdaBasicExecutionRole",
            "policy_arn": "arn:aws:iam::aws:policy/service-role/AWSLambdaBasicExecutionRole",
            "role": "plutus-ai-lambda-role"
          },
          "sensitive_attributes": [],
          "identity_schema_version": 0,
          "identity": {
            "account_id": "600627340244",
            "policy_arn": "arn:aws:iam::aws:policy/service-role/AWSLambdaBasicExecutionRole",
            "role": "plutus-ai-lambda-role"
          },
          "private": "eyJzY2hlbWFfdmVyc2lvbiI6IjAifQ==",
          "dependencies": [
            "aws_iam_role.ai_lambda_exec"
          ]
        }
      ]
    },
    {
      "mode": "managed",
      "type": "aws_iam_role_policy_attachment",
      "name": "ai_report_insights_logs",
      "provider": "provider[\"registry.terraform.io/hashicorp/aws\"]",
      "instances": [
        {
          "schema_version": 0,
          "attributes": {
            "id": "plutus-ai-report-insights-role/arn:aws:iam::aws:policy/service-role/AWSLambdaBasicExecutionRole",
            "policy_arn": "arn:aws:iam::aws:policy/service-role/AWSLambdaBasicExecutionRole",
            "role": "plutus-ai-report-insights-role"
          },
          "sensitive_attributes": [],
          "identity_schema_version": 0,
          "identity": {
            "account_id": "600627340244",
            "policy_arn": "arn:aws:iam::aws:policy/service-role/AWSLambdaBasicExecutionRole",
            "role": "plutus-ai-report-insights-role"
          },
          "private": "eyJzY2hlbWFfdmVyc2lvbiI6IjAifQ==",
          "dependencies": [
            "aws_iam_role.ai_report_insights_role"
          ]
        }
      ]
    },
    {
      "mode": "managed",
      "type": "aws_iam_role_policy_attachment",
      "name": "lambda_logs",
      "provider": "provider[\"registry.terraform.io/hashicorp/aws\"]",
      "instances": [
        {
          "schema_version": 0,
          "attributes": {
            "id": "plutus-api-lambda-role/arn:aws:iam::aws:policy/service-role/AWSLambdaBasicExecutionRole",
            "policy_arn": "arn:aws:iam::aws:policy/service-role/AWSLambdaBasicExecutionRole",
            "role": "plutus-api-lambda-role"
          },
          "sensitive_attributes": [],
          "identity_schema_version": 0,
          "identity": {
            "account_id": "600627340244",
            "policy_arn": "arn:aws:iam::aws:policy/service-role/AWSLambdaBasicExecutionRole",
            "role": "plutus-api-lambda-role"
          },
          "private": "eyJzY2hlbWFfdmVyc2lvbiI6IjAifQ==",
          "dependencies": [
            "aws_iam_role.lambda_exec"
          ]
        }
      ]
    },
    {
      "mode": "managed",
      "type": "aws_lambda_function",
      "name": "ai_categorize",
      "provider": "provider[\"registry.terraform.io/hashicorp/aws\"]",
      "instances": [
        {
          "schema_version": 0,
          "attributes": {
            "architectures": [
              "x86_64"
            ],
            "arn": "arn:aws:lambda:ap-southeast-1:600627340244:function:plutus-ai-categorize",
            "capacity_provider_config": [],
            "code_sha256": "uxLjNaxo9nzmgnfvwWLKD1ZKw4WblISxVE8B5+ciMm0=",
            "code_signing_config_arn": "",
            "dead_letter_config": [],
            "description": "",
            "durable_config": [],
            "environment": [
              {
                "variables": {
                  "AWS_REGION_NAME": "ap-southeast-1",
                  "BEDROCK_MODEL_ID": "global.anthropic.claude-haiku-4-5-20251001-v1:0"
                }
              }
            ],
            "ephemeral_storage": [
              {
                "size": 512
              }
            ],
            "file_system_config": [],
            "filename": "../lambda/package.zip",
            "function_name": "plutus-ai-categorize",
            "handler": "categorize.handler.handler",
            "id": "plutus-ai-categorize",
            "image_config": [],
            "image_uri": "",
            "invoke_arn": "arn:aws:apigateway:ap-southeast-1:lambda:path/2015-03-31/functions/arn:aws:lambda:ap-southeast-1:600627340244:function:plutus-ai-categorize/invocations",
            "kms_key_arn": "",
            "last_modified": "2026-04-09T20:11:37.000+0000",
            "layers": [
              "arn:aws:lambda:ap-southeast-1:600627340244:layer:plutus-ai-shared:14"
            ],
            "logging_config": [
              {
                "application_log_level": "",
                "log_format": "Text",
                "log_group": "/aws/lambda/plutus-ai-categorize",
                "system_log_level": ""
              }
            ],
            "memory_size": 256,
            "package_type": "Zip",
            "publish": false,
            "publish_to": null,
            "qualified_arn": "arn:aws:lambda:ap-southeast-1:600627340244:function:plutus-ai-categorize:$LATEST",
            "qualified_invoke_arn": "arn:aws:apigateway:ap-southeast-1:lambda:path/2015-03-31/functions/arn:aws:lambda:ap-southeast-1:600627340244:function:plutus-ai-categorize:$LATEST/invocations",
            "region": "ap-southeast-1",
            "replace_security_groups_on_destroy": null,
            "replacement_security_group_ids": null,
            "reserved_concurrent_executions": -1,
            "response_streaming_invoke_arn": "arn:aws:apigateway:ap-southeast-1:lambda:path/2021-11-15/functions/arn:aws:lambda:ap-southeast-1:600627340244:function:plutus-ai-categorize/response-streaming-invocations",
            "role": "arn:aws:iam::600627340244:role/plutus-ai-lambda-role",
            "runtime": "python3.13",
            "s3_bucket": null,
            "s3_key": null,
            "s3_object_version": null,
            "signing_job_arn": "",
            "signing_profile_version_arn": "",
            "skip_destroy": false,
            "snap_start": [],
            "source_code_hash": "uxLjNaxo9nzmgnfvwWLKD1ZKw4WblISxVE8B5+ciMm0=",
            "source_code_size": 18235067,
            "source_kms_key_arn": "",
            "tags": {
              "Component": "AI",
              "Feature": "categorize",
              "Project": "Plutus"
            },
            "tags_all": {
              "Component": "AI",
              "Feature": "categorize",
              "Project": "Plutus"
            },
            "tenancy_config": [],
            "timeout": 30,
            "timeouts": null,
            "tracing_config": [
              {
                "mode": "PassThrough"
              }
            ],
            "version": "$LATEST",
            "vpc_config": []
          },
          "sensitive_attributes": [],
          "identity_schema_version": 0,
          "identity": {
            "account_id": "600627340244",
            "function_name": "plutus-ai-categorize",
            "region": "ap-southeast-1"
          },
          "private": "eyJlMmJmYjczMC1lY2FhLTExZTYtOGY4OC0zNDM2M2JjN2M0YzAiOnsiY3JlYXRlIjo2MDAwMDAwMDAwMDAsImRlbGV0ZSI6NjAwMDAwMDAwMDAwLCJ1cGRhdGUiOjYwMDAwMDAwMDAwMH19",
          "dependencies": [
            "aws_iam_role.ai_lambda_exec",
            "aws_lambda_layer_version.ai_shared"
          ],
          "create_before_destroy": true
        }
      ]
    },
    {
      "mode": "managed",
      "type": "aws_lambda_function",
      "name": "ai_insights",
      "provider": "provider[\"registry.terraform.io/hashicorp/aws\"]",
      "instances": [
        {
          "schema_version": 0,
          "attributes": {
            "architectures": [
              "arm64"
            ],
            "arn": "arn:aws:lambda:ap-southeast-1:600627340244:function:plutus-ai-insights",
            "capacity_provider_config": [],
            "code_sha256": "uxLjNaxo9nzmgnfvwWLKD1ZKw4WblISxVE8B5+ciMm0=",
            "code_signing_config_arn": "",
            "dead_letter_config": [],
            "description": "",
            "durable_config": [],
            "environment": [
              {
                "variables": {
                  "AWS_REGION_NAME": "ap-southeast-1",
                  "BEDROCK_MODEL_ID": "global.anthropic.claude-haiku-4-5-20251001-v1:0"
                }
              }
            ],
            "ephemeral_storage": [
              {
                "size": 512
              }
            ],
            "file_system_config": [],
            "filename": "../lambda/package.zip",
            "function_name": "plutus-ai-insights",
            "handler": "insights.handler.handler",
            "id": "plutus-ai-insights",
            "image_config": [],
            "image_uri": "",
            "invoke_arn": "arn:aws:apigateway:ap-southeast-1:lambda:path/2015-03-31/functions/arn:aws:lambda:ap-southeast-1:600627340244:function:plutus-ai-insights/invocations",
            "kms_key_arn": "",
            "last_modified": "2026-04-09T20:11:45.000+0000",
            "layers": [
              "arn:aws:lambda:ap-southeast-1:600627340244:layer:plutus-ai-shared:14"
            ],
            "logging_config": [
              {
                "application_log_level": "",
                "log_format": "Text",
                "log_group": "/aws/lambda/plutus-ai-insights",
                "system_log_level": ""
              }
            ],
            "memory_size": 1024,
            "package_type": "Zip",
            "publish": false,
            "publish_to": null,
            "qualified_arn": "arn:aws:lambda:ap-southeast-1:600627340244:function:plutus-ai-insights:$LATEST",
            "qualified_invoke_arn": "arn:aws:apigateway:ap-southeast-1:lambda:path/2015-03-31/functions/arn:aws:lambda:ap-southeast-1:600627340244:function:plutus-ai-insights:$LATEST/invocations",
            "region": "ap-southeast-1",
            "replace_security_groups_on_destroy": null,
            "replacement_security_group_ids": null,
            "reserved_concurrent_executions": -1,
            "response_streaming_invoke_arn": "arn:aws:apigateway:ap-southeast-1:lambda:path/2021-11-15/functions/arn:aws:lambda:ap-southeast-1:600627340244:function:plutus-ai-insights/response-streaming-invocations",
            "role": "arn:aws:iam::600627340244:role/plutus-ai-insights-role",
            "runtime": "python3.13",
            "s3_bucket": null,
            "s3_key": null,
            "s3_object_version": null,
            "signing_job_arn": "",
            "signing_profile_version_arn": "",
            "skip_destroy": false,
            "snap_start": [],
            "source_code_hash": "uxLjNaxo9nzmgnfvwWLKD1ZKw4WblISxVE8B5+ciMm0=",
            "source_code_size": 18235067,
            "source_kms_key_arn": "",
            "tags": {
              "Component": "AI",
              "Project": "Plutus"
            },
            "tags_all": {
              "Component": "AI",
              "Project": "Plutus"
            },
            "tenancy_config": [],
            "timeout": 60,
            "timeouts": null,
            "tracing_config": [
              {
                "mode": "PassThrough"
              }
            ],
            "version": "$LATEST",
            "vpc_config": []
          },
          "sensitive_attributes": [],
          "identity_schema_version": 0,
          "identity": {
            "account_id": "600627340244",
            "function_name": "plutus-ai-insights",
            "region": "ap-southeast-1"
          },
          "private": "eyJlMmJmYjczMC1lY2FhLTExZTYtOGY4OC0zNDM2M2JjN2M0YzAiOnsiY3JlYXRlIjo2MDAwMDAwMDAwMDAsImRlbGV0ZSI6NjAwMDAwMDAwMDAwLCJ1cGRhdGUiOjYwMDAwMDAwMDAwMH19",
          "dependencies": [
            "aws_iam_role.ai_insights_role",
            "aws_lambda_layer_version.ai_shared"
          ],
          "create_before_destroy": true
        }
      ]
    },
    {
      "mode": "managed",
      "type": "aws_lambda_function",
      "name": "ai_report_insights",
      "provider": "provider[\"registry.terraform.io/hashicorp/aws\"]",
      "instances": [
        {
          "schema_version": 0,
          "attributes": {
            "architectures": [
              "x86_64"
            ],
            "arn": "arn:aws:lambda:ap-southeast-1:600627340244:function:plutus-report-insights",
            "capacity_provider_config": [],
            "code_sha256": "uxLjNaxo9nzmgnfvwWLKD1ZKw4WblISxVE8B5+ciMm0=",
            "code_signing_config_arn": "",
            "dead_letter_config": [],
            "description": "",
            "durable_config": [],
            "environment": [
              {
                "variables": {
                  "AWS_REGION_NAME": "ap-southeast-1",
                  "BEDROCK_MODEL_ID": "global.anthropic.claude-haiku-4-5-20251001-v1:0"
                }
              }
            ],
            "ephemeral_storage": [
              {
                "size": 512
              }
            ],
            "file_system_config": [],
            "filename": "../lambda/package.zip",
            "function_name": "plutus-report-insights",
            "handler": "report_insights.handler.handler",
            "id": "plutus-report-insights",
            "image_config": [],
            "image_uri": "",
            "invoke_arn": "arn:aws:apigateway:ap-southeast-1:lambda:path/2015-03-31/functions/arn:aws:lambda:ap-southeast-1:600627340244:function:plutus-report-insights/invocations",
            "kms_key_arn": "",
            "last_modified": "2026-04-09T20:11:27.000+0000",
            "layers": [
              "arn:aws:lambda:ap-southeast-1:600627340244:layer:plutus-ai-shared:14"
            ],
            "logging_config": [
              {
                "application_log_level": "",
                "log_format": "Text",
                "log_group": "/aws/lambda/plutus-report-insights",
                "system_log_level": ""
              }
            ],
            "memory_size": 512,
            "package_type": "Zip",
            "publish": false,
            "publish_to": null,
            "qualified_arn": "arn:aws:lambda:ap-southeast-1:600627340244:function:plutus-report-insights:$LATEST",
            "qualified_invoke_arn": "arn:aws:apigateway:ap-southeast-1:lambda:path/2015-03-31/functions/arn:aws:lambda:ap-southeast-1:600627340244:function:plutus-report-insights:$LATEST/invocations",
            "region": "ap-southeast-1",
            "replace_security_groups_on_destroy": null,
            "replacement_security_group_ids": null,
            "reserved_concurrent_executions": -1,
            "response_streaming_invoke_arn": "arn:aws:apigateway:ap-southeast-1:lambda:path/2021-11-15/functions/arn:aws:lambda:ap-southeast-1:600627340244:function:plutus-report-insights/response-streaming-invocations",
            "role": "arn:aws:iam::600627340244:role/plutus-ai-report-insights-role",
            "runtime": "python3.13",
            "s3_bucket": null,
            "s3_key": null,
            "s3_object_version": null,
            "signing_job_arn": "",
            "signing_profile_version_arn": "",
            "skip_destroy": false,
            "snap_start": [],
            "source_code_hash": "uxLjNaxo9nzmgnfvwWLKD1ZKw4WblISxVE8B5+ciMm0=",
            "source_code_size": 18235067,
            "source_kms_key_arn": "",
            "tags": {
              "Component": "AI",
              "Project": "Plutus"
            },
            "tags_all": {
              "Component": "AI",
              "Project": "Plutus"
            },
            "tenancy_config": [],
            "timeout": 60,
            "timeouts": null,
            "tracing_config": [
              {
                "mode": "PassThrough"
              }
            ],
            "version": "$LATEST",
            "vpc_config": []
          },
          "sensitive_attributes": [],
          "identity_schema_version": 0,
          "identity": {
            "account_id": "600627340244",
            "function_name": "plutus-report-insights",
            "region": "ap-southeast-1"
          },
          "private": "eyJlMmJmYjczMC1lY2FhLTExZTYtOGY4OC0zNDM2M2JjN2M0YzAiOnsiY3JlYXRlIjo2MDAwMDAwMDAwMDAsImRlbGV0ZSI6NjAwMDAwMDAwMDAwLCJ1cGRhdGUiOjYwMDAwMDAwMDAwMH19",
          "dependencies": [
            "aws_iam_role.ai_report_insights_role",
            "aws_lambda_layer_version.ai_shared"
          ],
          "create_before_destroy": true
        }
      ]
    },
    {
      "mode": "managed",
      "type": "aws_lambda_function",
      "name": "plutus_api",
      "provider": "provider[\"registry.terraform.io/hashicorp/aws\"]",
      "instances": [
        {
          "schema_version": 0,
          "attributes": {
            "architectures": [
              "arm64"
            ],
            "arn": "arn:aws:lambda:ap-southeast-1:600627340244:function:plutus-api",
            "capacity_provider_config": [],
            "code_sha256": "2hRWcRWgHAN/2QYg7mhzTt+rwDNA4GrmWcN1piYgryg=",
            "code_signing_config_arn": "",
            "dead_letter_config": [],
            "description": "",
            "durable_config": [],
            "environment": [
              {
                "variables": {
                  "DATA_TABLE_NAME": "plutus-data",
                  "GOOGLE_CLIENT_ID": "611876522758-30av79i8clflnriv7ee5dp68qft0ja28.apps.googleusercontent.com",
                  "S3_BUCKET_NAME": "pluwus-backups",
                  "TC_TABLE_NAME": "plutus-tc-acceptance"
                }
              }
            ],
            "ephemeral_storage": [
              {
                "size": 512
              }
            ],
            "file_system_config": [],
            "filename": "../../Plutus-backend-prototype-2/function.zip",
            "function_name": "plutus-api",
            "handler": "bootstrap",
            "id": "plutus-api",
            "image_config": [],
            "image_uri": "",
            "invoke_arn": "arn:aws:apigateway:ap-southeast-1:lambda:path/2015-03-31/functions/arn:aws:lambda:ap-southeast-1:600627340244:function:plutus-api/invocations",
            "kms_key_arn": "",
            "last_modified": "2026-04-07T20:47:26.000+0000",
            "layers": [],
            "logging_config": [
              {
                "application_log_level": "",
                "log_format": "Text",
                "log_group": "/aws/lambda/plutus-api",
                "system_log_level": ""
              }
            ],
            "memory_size": 256,
            "package_type": "Zip",
            "publish": false,
            "publish_to": null,
            "qualified_arn": "arn:aws:lambda:ap-southeast-1:600627340244:function:plutus-api:$LATEST",
            "qualified_invoke_arn": "arn:aws:apigateway:ap-southeast-1:lambda:path/2015-03-31/functions/arn:aws:lambda:ap-southeast-1:600627340244:function:plutus-api:$LATEST/invocations",
            "region": "ap-southeast-1",
            "replace_security_groups_on_destroy": null,
            "replacement_security_group_ids": null,
            "reserved_concurrent_executions": -1,
            "response_streaming_invoke_arn": "arn:aws:apigateway:ap-southeast-1:lambda:path/2021-11-15/functions/arn:aws:lambda:ap-southeast-1:600627340244:function:plutus-api/response-streaming-invocations",
            "role": "arn:aws:iam::600627340244:role/plutus-api-lambda-role",
            "runtime": "provided.al2023",
            "s3_bucket": null,
            "s3_key": null,
            "s3_object_version": null,
            "signing_job_arn": "",
            "signing_profile_version_arn": "",
            "skip_destroy": false,
            "snap_start": [],
            "source_code_hash": "2hRWcRWgHAN/2QYg7mhzTt+rwDNA4GrmWcN1piYgryg=",
            "source_code_size": 6874019,
            "source_kms_key_arn": "",
            "tags": {
              "Project": "Plutus"
            },
            "tags_all": {
              "Project": "Plutus"
            },
            "tenancy_config": [],
            "timeout": 30,
            "timeouts": null,
            "tracing_config": [
              {
                "mode": "PassThrough"
              }
            ],
            "version": "$LATEST",
            "vpc_config": []
          },
          "sensitive_attributes": [],
          "identity_schema_version": 0,
          "identity": {
            "account_id": "600627340244",
            "function_name": "plutus-api",
            "region": "ap-southeast-1"
          },
          "private": "eyJlMmJmYjczMC1lY2FhLTExZTYtOGY4OC0zNDM2M2JjN2M0YzAiOnsiY3JlYXRlIjo2MDAwMDAwMDAwMDAsImRlbGV0ZSI6NjAwMDAwMDAwMDAwLCJ1cGRhdGUiOjYwMDAwMDAwMDAwMH19",
          "dependencies": [
            "aws_dynamodb_table.plutus_data",
            "aws_dynamodb_table.tc_acceptance",
            "aws_iam_role.lambda_exec",
            "data.aws_s3_bucket.backups"
          ]
        }
      ]
    },
    {
      "mode": "managed",
      "type": "aws_lambda_function_url",
      "name": "ai_insights",
      "provider": "provider[\"registry.terraform.io/hashicorp/aws\"]",
      "instances": [
        {
          "schema_version": 0,
          "attributes": {
            "authorization_type": "NONE",
            "cors": [
              {
                "allow_credentials": false,
                "allow_headers": [
                  "Content-Type"
                ],
                "allow_methods": [
                  "POST"
                ],
                "allow_origins": [
                  "*"
                ],
                "expose_headers": null,
                "max_age": 86400
              }
            ],
            "function_arn": "arn:aws:lambda:ap-southeast-1:600627340244:function:plutus-ai-insights",
            "function_name": "plutus-ai-insights",
            "function_url": "https://prkf4py4drpq3bancdiqcy3bm40yjqcz.lambda-url.ap-southeast-1.on.aws/",
            "id": "plutus-ai-insights",
            "invoke_mode": "BUFFERED",
            "qualifier": "",
            "region": "ap-southeast-1",
            "timeouts": null,
            "url_id": "prkf4py4drpq3bancdiqcy3bm40yjqcz"
          },
          "sensitive_attributes": [],
          "identity_schema_version": 0,
          "private": "eyJlMmJmYjczMC1lY2FhLTExZTYtOGY4OC0zNDM2M2JjN2M0YzAiOnsiY3JlYXRlIjo2MDAwMDAwMDAwMDB9fQ==",
          "dependencies": [
            "aws_iam_role.ai_insights_role",
            "aws_lambda_function.ai_insights",
            "aws_lambda_layer_version.ai_shared"
          ]
        }
      ]
    },
    {
      "mode": "managed",
      "type": "aws_lambda_layer_version",
      "name": "ai_shared",
      "provider": "provider[\"registry.terraform.io/hashicorp/aws\"]",
      "instances": [
        {
          "schema_version": 0,
          "attributes": {
            "arn": "arn:aws:lambda:ap-southeast-1:600627340244:layer:plutus-ai-shared:14",
            "code_sha256": "uxLjNaxo9nzmgnfvwWLKD1ZKw4WblISxVE8B5+ciMm0=",
            "compatible_architectures": [],
            "compatible_runtimes": [
              "python3.13"
            ],
            "created_date": "2026-04-09T20:11:19.224+0000",
            "description": "Shared code for Plutus AI Lambda functions",
            "filename": "../lambda/package.zip",
            "id": "arn:aws:lambda:ap-southeast-1:600627340244:layer:plutus-ai-shared:14",
            "layer_arn": "arn:aws:lambda:ap-southeast-1:600627340244:layer:plutus-ai-shared",
            "layer_name": "plutus-ai-shared",
            "license_info": "",
            "region": "ap-southeast-1",
            "s3_bucket": null,
            "s3_key": null,
            "s3_object_version": null,
            "signing_job_arn": "",
            "signing_profile_version_arn": "",
            "skip_destroy": false,
            "source_code_hash": "uxLjNaxo9nzmgnfvwWLKD1ZKw4WblISxVE8B5+ciMm0=",
            "source_code_size": 18235067,
            "version": "14"
          },
          "sensitive_attributes": [],
          "identity_schema_version": 0,
          "private": "bnVsbA==",
          "create_before_destroy": true
        }
      ]
    },
    {
      "mode": "managed",
      "type": "aws_lambda_permission",
      "name": "ai_categorize_apigw",
      "provider": "provider[\"registry.terraform.io/hashicorp/aws\"]",
      "instances": [
        {
          "schema_version": 0,
          "attributes": {
            "action": "lambda:InvokeFunction",
            "event_source_token": null,
            "function_name": "plutus-ai-categorize",
            "function_url_auth_type": null,
            "id": "AllowAPIGatewayInvoke",
            "invoked_via_function_url": null,
            "principal": "apigateway.amazonaws.com",
            "principal_org_id": null,
            "qualifier": "",
            "region": "ap-southeast-1",
            "source_account": null,
            "source_arn": "arn:aws:execute-api:ap-southeast-1:600627340244:ok9ke6kx5g/*/*",
            "statement_id": "AllowAPIGatewayInvoke",
            "statement_id_prefix": ""
          },
          "sensitive_attributes": [],
          "identity_schema_version": 0,
          "identity": {
            "account_id": "600627340244",
            "function_name": "plutus-ai-categorize",
            "qualifier": null,
            "region": "ap-southeast-1",
            "statement_id": "AllowAPIGatewayInvoke"
          },
          "private": "eyJzY2hlbWFfdmVyc2lvbiI6IjAifQ==",
          "dependencies": [
            "aws_api_gateway_rest_api.ai",
            "aws_iam_role.ai_lambda_exec",
            "aws_lambda_function.ai_categorize",
            "aws_lambda_layer_version.ai_shared"
          ]
        }
      ]
    },
    {
      "mode": "managed",
      "type": "aws_lambda_permission",
      "name": "ai_insights_apigw",
      "provider": "provider[\"registry.terraform.io/hashicorp/aws\"]",
      "instances": [
        {
          "schema_version": 0,
          "attributes": {
            "action": "lambda:InvokeFunction",
            "event_source_token": null,
            "function_name": "plutus-ai-insights",
            "function_url_auth_type": null,
            "id": "AllowAPIGatewayInvokeInsights",
            "invoked_via_function_url": null,
            "principal": "apigateway.amazonaws.com",
            "principal_org_id": null,
            "qualifier": "",
            "region": "ap-southeast-1",
            "source_account": null,
            "source_arn": "arn:aws:execute-api:ap-southeast-1:600627340244:ok9ke6kx5g/*/*",
            "statement_id": "AllowAPIGatewayInvokeInsights",
            "statement_id_prefix": ""
          },
          "sensitive_attributes": [],
          "identity_schema_version": 0,
          "identity": {
            "account_id": "600627340244",
            "function_name": "plutus-ai-insights",
            "qualifier": null,
            "region": "ap-southeast-1",
            "statement_id": "AllowAPIGatewayInvokeInsights"
          },
          "private": "eyJzY2hlbWFfdmVyc2lvbiI6IjAifQ==",
          "dependencies": [
            "aws_api_gateway_rest_api.ai",
            "aws_iam_role.ai_insights_role",
            "aws_lambda_function.ai_insights",
            "aws_lambda_layer_version.ai_shared"
          ]
        }
      ]
    },
    {
      "mode": "managed",
      "type": "aws_lambda_permission",
      "name": "ai_report_insights_apigw",
      "provider": "provider[\"registry.terraform.io/hashicorp/aws\"]",
      "instances": [
        {
          "schema_version": 0,
          "attributes": {
            "action": "lambda:InvokeFunction",
            "event_source_token": null,
            "function_name": "plutus-report-insights",
            "function_url_auth_type": null,
            "id": "AllowAPIGatewayInvokeReportInsights",
            "invoked_via_function_url": null,
            "principal": "apigateway.amazonaws.com",
            "principal_org_id": null,
            "qualifier": "",
            "region": "ap-southeast-1",
            "source_account": null,
            "source_arn": "arn:aws:execute-api:ap-southeast-1:600627340244:ok9ke6kx5g/*/*",
            "statement_id": "AllowAPIGatewayInvokeReportInsights",
            "statement_id_prefix": ""
          },
          "sensitive_attributes": [],
          "identity_schema_version": 0,
          "identity": {
            "account_id": "600627340244",
            "function_name": "plutus-report-insights",
            "qualifier": null,
            "region": "ap-southeast-1",
            "statement_id": "AllowAPIGatewayInvokeReportInsights"
          },
          "private": "eyJzY2hlbWFfdmVyc2lvbiI6IjAifQ==",
          "dependencies": [
            "aws_api_gateway_rest_api.ai",
            "aws_iam_role.ai_report_insights_role",
            "aws_lambda_function.ai_report_insights",
            "aws_lambda_layer_version.ai_shared"
          ]
        }
      ]
    },
    {
      "mode": "managed",
      "type": "aws_lambda_permission",
      "name": "api_gateway",
      "provider": "provider[\"registry.terraform.io/hashicorp/aws\"]",
      "instances": [
        {
          "schema_version": 0,
          "attributes": {
            "action": "lambda:InvokeFunction",
            "event_source_token": null,
            "function_name": "plutus-api",
            "function_url_auth_type": null,
            "id": "AllowAPIGateway",
            "invoked_via_function_url": null,
            "principal": "apigateway.amazonaws.com",
            "principal_org_id": null,
            "qualifier": "",
            "region": "ap-southeast-1",
            "source_account": null,
            "source_arn": "arn:aws:execute-api:ap-southeast-1:600627340244:iw68fbk44c/*/*",
            "statement_id": "AllowAPIGateway",
            "statement_id_prefix": ""
          },
          "sensitive_attributes": [],
          "identity_schema_version": 0,
          "identity": {
            "account_id": "600627340244",
            "function_name": "plutus-api",
            "qualifier": null,
            "region": "ap-southeast-1",
            "statement_id": "AllowAPIGateway"
          },
          "private": "eyJzY2hlbWFfdmVyc2lvbiI6IjAifQ==",
          "dependencies": [
            "aws_apigatewayv2_api.plutus",
            "aws_dynamodb_table.plutus_data",
            "aws_dynamodb_table.tc_acceptance",
            "aws_iam_role.lambda_exec",
            "aws_lambda_function.plutus_api",
            "data.aws_s3_bucket.backups"
          ]
        }
      ]
    },
    {
      "mode": "managed",
      "type": "aws_s3_bucket_cors_configuration",
      "name": "backups",
      "provider": "provider[\"registry.terraform.io/hashicorp/aws\"]",
      "instances": [
        {
          "schema_version": 0,
          "attributes": {
            "bucket": "pluwus-backups",
            "cors_rule": [
              {
                "allowed_headers": [
                  "*"
                ],
                "allowed_methods": [
                  "DELETE",
                  "GET",
                  "HEAD",
                  "POST",
                  "PUT"
                ],
                "allowed_origins": [
                  "http://localhost:8080",
                  "https://main.d3eqrozysqvds5.amplifyapp.com"
                ],
                "expose_headers": [],
                "id": "",
                "max_age_seconds": 3600
              }
            ],
            "expected_bucket_owner": "",
            "id": "pluwus-backups",
            "region": "ap-southeast-1"
          },
          "sensitive_attributes": [],
          "identity_schema_version": 1,
          "identity": {
            "account_id": "600627340244",
            "bucket": "pluwus-backups",
            "region": "ap-southeast-1"
          },
          "private": "eyJzY2hlbWFfdmVyc2lvbiI6IjAifQ==",
          "dependencies": [
            "data.aws_s3_bucket.backups"
          ]
        }
      ]
    }
  ],
  "check_results": null
}
